// !$*UTF8*$!
{
	archiveVersion = 1;
	classes = {
	};
	objectVersion = 55;
	objects = {

/* Begin PBXBuildFile section */
		AE0335D22883403C00C22F7D /* FieldWorkApp.swift in Sources */ = {isa = PBXBuildFile; fileRef = AE0335D12883403C00C22F7D /* FieldWorkApp.swift */; };
		AE0335D42883403C00C22F7D /* ContentView.swift in Sources */ = {isa = PBXBuildFile; fileRef = AE0335D32883403C00C22F7D /* ContentView.swift */; };
		AE0335D62883403F00C22F7D /* Assets.xcassets in Resources */ = {isa = PBXBuildFile; fileRef = AE0335D52883403F00C22F7D /* Assets.xcassets */; };
		AE0335D92883403F00C22F7D /* Preview Assets.xcassets in Resources */ = {isa = PBXBuildFile; fileRef = AE0335D82883403F00C22F7D /* Preview Assets.xcassets */; };
		AE0335E42883404000C22F7D /* FieldWorkTests.swift in Sources */ = {isa = PBXBuildFile; fileRef = AE0335E32883404000C22F7D /* FieldWorkTests.swift */; };
		AE0335EE2883404000C22F7D /* FieldWorkUITests.swift in Sources */ = {isa = PBXBuildFile; fileRef = AE0335ED2883404000C22F7D /* FieldWorkUITests.swift */; };
		AE0335F02883404000C22F7D /* FieldWorkUITestsLaunchTests.swift in Sources */ = {isa = PBXBuildFile; fileRef = AE0335EF2883404000C22F7D /* FieldWorkUITestsLaunchTests.swift */; };
		AE0335FD288444FA00C22F7D /* SidebarView.swift in Sources */ = {isa = PBXBuildFile; fileRef = AE0335FC288444FA00C22F7D /* SidebarView.swift */; };
		AE0335FF2884457100C22F7D /* InfoView.swift in Sources */ = {isa = PBXBuildFile; fileRef = AE0335FE2884457100C22F7D /* InfoView.swift */; };
		AE0336012884459C00C22F7D /* SampleEditor.swift in Sources */ = {isa = PBXBuildFile; fileRef = AE0336002884459C00C22F7D /* SampleEditor.swift */; };
		AE0336032884973100C22F7D /* EditorView.swift in Sources */ = {isa = PBXBuildFile; fileRef = AE0336022884973100C22F7D /* EditorView.swift */; };
		AE0AAC1928C3F0BA00B4345D /* ISample.swift in Sources */ = {isa = PBXBuildFile; fileRef = AE0AAC1828C3F0BA00B4345D /* ISample.swift */; };
		AE1B8967289EFBB800FB8BF8 /* SampleView.swift in Sources */ = {isa = PBXBuildFile; fileRef = AE1B8966289EFBB800FB8BF8 /* SampleView.swift */; };
		AE1B896A289F0B8E00FB8BF8 /* BindingExtensions.swift in Sources */ = {isa = PBXBuildFile; fileRef = AE1B8969289F0B8E00FB8BF8 /* BindingExtensions.swift */; };
		AE1B896C289FB8DE00FB8BF8 /* FieldWorkViewModel.swift in Sources */ = {isa = PBXBuildFile; fileRef = AE1B896B289FB8DE00FB8BF8 /* FieldWorkViewModel.swift */; };
		AE59D3CD2A181927003B28D7 /* CollectionService.swift in Sources */ = {isa = PBXBuildFile; fileRef = AE59D3CC2A181927003B28D7 /* CollectionService.swift */; };
		AE59D3D02A18EA2C003B28D7 /* FileService.swift in Sources */ = {isa = PBXBuildFile; fileRef = AE59D3CF2A18EA2C003B28D7 /* FileService.swift */; };
		AE59D3D22A18EBB4003B28D7 /* PreviewCollectionService.swift in Sources */ = {isa = PBXBuildFile; fileRef = AE59D3D12A18EBB4003B28D7 /* PreviewCollectionService.swift */; };
		AE59D3D42A18EBC9003B28D7 /* UnimplementedCollectionService.swift in Sources */ = {isa = PBXBuildFile; fileRef = AE59D3D32A18EBC9003B28D7 /* UnimplementedCollectionService.swift */; };
		AE59D3D62A18EEA4003B28D7 /* PreviewFileService.swift in Sources */ = {isa = PBXBuildFile; fileRef = AE59D3D52A18EEA4003B28D7 /* PreviewFileService.swift */; };
		AE59D3D82A18EECA003B28D7 /* UnimplementedFileService.swift in Sources */ = {isa = PBXBuildFile; fileRef = AE59D3D72A18EECA003B28D7 /* UnimplementedFileService.swift */; };
		AE6DD6F0289AF9A700EF3B4A /* FileCommands.swift in Sources */ = {isa = PBXBuildFile; fileRef = AE6DD6EF289AF9A700EF3B4A /* FileCommands.swift */; };
		AE6DD6F2289AF9DE00EF3B4A /* ImportCommand.swift in Sources */ = {isa = PBXBuildFile; fileRef = AE6DD6F1289AF9DE00EF3B4A /* ImportCommand.swift */; };
		AE6DD705289D094900EF3B4A /* MLNSampleChannel.m in Sources */ = {isa = PBXBuildFile; fileRef = AE6DD6F5289D094700EF3B4A /* MLNSampleChannel.m */; };
		AE6DD706289D094900EF3B4A /* MLNSampleBlockList.m in Sources */ = {isa = PBXBuildFile; fileRef = AE6DD6F7289D094800EF3B4A /* MLNSampleBlockList.m */; };
		AE6DD707289D094900EF3B4A /* pa_ringbuffer.c in Sources */ = {isa = PBXBuildFile; fileRef = AE6DD6FB289D094800EF3B4A /* pa_ringbuffer.c */; };
		AE6DD708289D094900EF3B4A /* MLNSampleBlock.m in Sources */ = {isa = PBXBuildFile; fileRef = AE6DD701289D094800EF3B4A /* MLNSampleBlock.m */; };
		AE6DD70A289D094900EF3B4A /* MLNSampleChannelIterator.m in Sources */ = {isa = PBXBuildFile; fileRef = AE6DD703289D094900EF3B4A /* MLNSampleChannelIterator.m */; };
		AE6DD70B289D094900EF3B4A /* MLNSampleBlockFile.m in Sources */ = {isa = PBXBuildFile; fileRef = AE6DD704289D094900EF3B4A /* MLNSampleBlockFile.m */; };
		AE6DD70E289D0A4400EF3B4A /* Constants.m in Sources */ = {isa = PBXBuildFile; fileRef = AE6DD70C289D0A4400EF3B4A /* Constants.m */; };
		AE6DD72A289D0B3900EF3B4A /* MLNMMapRegion.m in Sources */ = {isa = PBXBuildFile; fileRef = AE6DD715289D0B3800EF3B4A /* MLNMMapRegion.m */; };
		AE6DD72E289D0B3900EF3B4A /* MLNCacheFile.m in Sources */ = {isa = PBXBuildFile; fileRef = AE6DD71D289D0B3800EF3B4A /* MLNCacheFile.m */; };
		AE6DD732289D0B7900EF3B4A /* utils.m in Sources */ = {isa = PBXBuildFile; fileRef = AE6DD730289D0B7900EF3B4A /* utils.m */; };
		AE6DD735289D0D7F00EF3B4A /* MLNSampleBlockSilence.m in Sources */ = {isa = PBXBuildFile; fileRef = AE6DD734289D0D7F00EF3B4A /* MLNSampleBlockSilence.m */; };
		AE6DD73E289D22B900EF3B4A /* MLNCacheManager.m in Sources */ = {isa = PBXBuildFile; fileRef = AE6DD73D289D22B900EF3B4A /* MLNCacheManager.m */; };
		AE764DC52885F9FF0060E6CC /* EditorModePicker.swift in Sources */ = {isa = PBXBuildFile; fileRef = AE764DC42885F9FF0060E6CC /* EditorModePicker.swift */; };
		AE780FF029E363AE00E490F7 /* Selection.swift in Sources */ = {isa = PBXBuildFile; fileRef = AE780FEF29E363AE00E490F7 /* Selection.swift */; };
		AE79DED428DD038A009DA7A8 /* SampleMetadata.swift in Sources */ = {isa = PBXBuildFile; fileRef = AE79DED328DD0389009DA7A8 /* SampleMetadata.swift */; };
		AE839FCE28988331005F579C /* PreviewPersistenceController.swift in Sources */ = {isa = PBXBuildFile; fileRef = AE839FCD28988331005F579C /* PreviewPersistenceController.swift */; };
		AE8C625A2A0D90C80077DAFD /* RecordingCapsule.swift in Sources */ = {isa = PBXBuildFile; fileRef = AE8C62592A0D90C80077DAFD /* RecordingCapsule.swift */; };
		AE90B32D28971BBE00EE6F72 /* RecordingMetadata.swift in Sources */ = {isa = PBXBuildFile; fileRef = AE90B32C28971BBE00EE6F72 /* RecordingMetadata.swift */; };
		AE90B32F28971E2500EE6F72 /* PersistenceController.swift in Sources */ = {isa = PBXBuildFile; fileRef = AE90B32E28971E2500EE6F72 /* PersistenceController.swift */; };
		AE90B3312897224100EE6F72 /* TestablePersistenceController.swift in Sources */ = {isa = PBXBuildFile; fileRef = AE90B3302897224100EE6F72 /* TestablePersistenceController.swift */; };
		AE90B3332897334800EE6F72 /* LiveRecordingService.swift in Sources */ = {isa = PBXBuildFile; fileRef = AE90B3322897334800EE6F72 /* LiveRecordingService.swift */; };
		AE90B335289737DD00EE6F72 /* RecordingServiceTests.swift in Sources */ = {isa = PBXBuildFile; fileRef = AE90B334289737DD00EE6F72 /* RecordingServiceTests.swift */; };
		AEA9C99A28A54DFF00A17F8A /* LiveFileService.swift in Sources */ = {isa = PBXBuildFile; fileRef = AEA9C99928A54DFF00A17F8A /* LiveFileService.swift */; };
		AEABCFF828A99BFE00711193 /* CaretView.swift in Sources */ = {isa = PBXBuildFile; fileRef = AEABCFF728A99BFE00711193 /* CaretView.swift */; };
		AEABCFFA28AB9C4500711193 /* Caret.swift in Sources */ = {isa = PBXBuildFile; fileRef = AEABCFF928AB9C4500711193 /* Caret.swift */; };
		AEABD03528B76E3800711193 /* OverviewBar.swift in Sources */ = {isa = PBXBuildFile; fileRef = AEABD03428B76E3800711193 /* OverviewBar.swift */; };
		AEABD03728BC0BE600711193 /* SampleDrawingHelper.swift in Sources */ = {isa = PBXBuildFile; fileRef = AEABD03628BC0BE600711193 /* SampleDrawingHelper.swift */; };
		AEABD03928BD52A800711193 /* FieldworkSample.swift in Sources */ = {isa = PBXBuildFile; fileRef = AEABD03828BD52A800711193 /* FieldworkSample.swift */; };
		AEABD03B28BD597F00711193 /* FieldworkOperation.swift in Sources */ = {isa = PBXBuildFile; fileRef = AEABD03A28BD597F00711193 /* FieldworkOperation.swift */; };
		AEABD04028BEAC0600711193 /* CoreaudioSampleLoader.m in Sources */ = {isa = PBXBuildFile; fileRef = AEABD03F28BEAC0600711193 /* CoreaudioSampleLoader.m */; };
		AEABD04628C3303600711193 /* ProgressView.swift in Sources */ = {isa = PBXBuildFile; fileRef = AEABD04528C3303600711193 /* ProgressView.swift */; };
		AEACA2B928C938BE00E19AE4 /* ISampleLoader.swift in Sources */ = {isa = PBXBuildFile; fileRef = AEACA2B828C938BE00E19AE4 /* ISampleLoader.swift */; };
		AEAF7D4A28DA65E300E76868 /* FieldworkLoadOperation.swift in Sources */ = {isa = PBXBuildFile; fileRef = AEAF7D4928DA65E300E76868 /* FieldworkLoadOperation.swift */; };
		AEB429F12A16608A0030D884 /* PreviewRecordingService.swift in Sources */ = {isa = PBXBuildFile; fileRef = AEB429F02A16608A0030D884 /* PreviewRecordingService.swift */; };
		AEB429F32A17CE770030D884 /* ServiceDependencies.swift in Sources */ = {isa = PBXBuildFile; fileRef = AEB429F22A17CE770030D884 /* ServiceDependencies.swift */; };
		AEB429F52A1801B10030D884 /* RecordingService.swift in Sources */ = {isa = PBXBuildFile; fileRef = AEB429F42A1801B10030D884 /* RecordingService.swift */; };
		AEB429F82A18023C0030D884 /* UnimplementedRecordingService.swift in Sources */ = {isa = PBXBuildFile; fileRef = AEB429F72A18023C0030D884 /* UnimplementedRecordingService.swift */; };
		AEB4E85129FF0E1E0008ECD2 /* ResetCommand.swift in Sources */ = {isa = PBXBuildFile; fileRef = AEB4E85029FF0E1E0008ECD2 /* ResetCommand.swift */; };
		AEB4E85329FF10C90008ECD2 /* DeveloperCommands.swift in Sources */ = {isa = PBXBuildFile; fileRef = AEB4E85229FF10C90008ECD2 /* DeveloperCommands.swift */; };
		AEB4E8572A07020F0008ECD2 /* RecordingCollectionView.swift in Sources */ = {isa = PBXBuildFile; fileRef = AEB4E8562A07020F0008ECD2 /* RecordingCollectionView.swift */; };
		AEB4E85A2A0997230008ECD2 /* RecordingCollectionViewItem.swift in Sources */ = {isa = PBXBuildFile; fileRef = AEB4E8592A0997230008ECD2 /* RecordingCollectionViewItem.swift */; };
		AECB7CF42A3D09E9003D5E95 /* Dependencies in Frameworks */ = {isa = PBXBuildFile; productRef = AECB7CF32A3D09E9003D5E95 /* Dependencies */; };
		AEDA2DD029A6C1950087A7CE /* ViewCommands.swift in Sources */ = {isa = PBXBuildFile; fileRef = AEDA2DCF29A6C1950087A7CE /* ViewCommands.swift */; };
		AEDA2DD229A6C25D0087A7CE /* ZoomCommands.swift in Sources */ = {isa = PBXBuildFile; fileRef = AEDA2DD129A6C25D0087A7CE /* ZoomCommands.swift */; };
		AEDE43C52887EC5800A16F66 /* FieldWorkModel.xcdatamodeld in Sources */ = {isa = PBXBuildFile; fileRef = AEDE43C32887EC5800A16F66 /* FieldWorkModel.xcdatamodeld */; };
		AEE1CCF729F5DCD2006B3857 /* CouchbaseLiteSwift in Frameworks */ = {isa = PBXBuildFile; productRef = AEE1CCF629F5DCD2006B3857 /* CouchbaseLiteSwift */; };
		AEE1CCF929FC747F006B3857 /* LiveCollectionService.swift in Sources */ = {isa = PBXBuildFile; fileRef = AEE1CCF829FC747F006B3857 /* LiveCollectionService.swift */; };
/* End PBXBuildFile section */

/* Begin PBXContainerItemProxy section */
		AE0335E02883404000C22F7D /* PBXContainerItemProxy */ = {
			isa = PBXContainerItemProxy;
			containerPortal = AE0335C62883403C00C22F7D /* Project object */;
			proxyType = 1;
			remoteGlobalIDString = AE0335CD2883403C00C22F7D;
			remoteInfo = FieldWork;
		};
		AE0335EA2883404000C22F7D /* PBXContainerItemProxy */ = {
			isa = PBXContainerItemProxy;
			containerPortal = AE0335C62883403C00C22F7D /* Project object */;
			proxyType = 1;
			remoteGlobalIDString = AE0335CD2883403C00C22F7D;
			remoteInfo = FieldWork;
		};
/* End PBXContainerItemProxy section */

/* Begin PBXFileReference section */
		AE0335CE2883403C00C22F7D /* FieldWork.app */ = {isa = PBXFileReference; explicitFileType = wrapper.application; includeInIndex = 0; path = FieldWork.app; sourceTree = BUILT_PRODUCTS_DIR; };
		AE0335D12883403C00C22F7D /* FieldWorkApp.swift */ = {isa = PBXFileReference; lastKnownFileType = sourcecode.swift; path = FieldWorkApp.swift; sourceTree = "<group>"; };
		AE0335D32883403C00C22F7D /* ContentView.swift */ = {isa = PBXFileReference; lastKnownFileType = sourcecode.swift; path = ContentView.swift; sourceTree = "<group>"; };
		AE0335D52883403F00C22F7D /* Assets.xcassets */ = {isa = PBXFileReference; lastKnownFileType = folder.assetcatalog; path = Assets.xcassets; sourceTree = "<group>"; };
		AE0335D82883403F00C22F7D /* Preview Assets.xcassets */ = {isa = PBXFileReference; lastKnownFileType = folder.assetcatalog; path = "Preview Assets.xcassets"; sourceTree = "<group>"; };
		AE0335DA2883403F00C22F7D /* FieldWork.entitlements */ = {isa = PBXFileReference; lastKnownFileType = text.plist.entitlements; path = FieldWork.entitlements; sourceTree = "<group>"; };
		AE0335DF2883404000C22F7D /* FieldWorkTests.xctest */ = {isa = PBXFileReference; explicitFileType = wrapper.cfbundle; includeInIndex = 0; path = FieldWorkTests.xctest; sourceTree = BUILT_PRODUCTS_DIR; };
		AE0335E32883404000C22F7D /* FieldWorkTests.swift */ = {isa = PBXFileReference; lastKnownFileType = sourcecode.swift; path = FieldWorkTests.swift; sourceTree = "<group>"; };
		AE0335E92883404000C22F7D /* FieldWorkUITests.xctest */ = {isa = PBXFileReference; explicitFileType = wrapper.cfbundle; includeInIndex = 0; path = FieldWorkUITests.xctest; sourceTree = BUILT_PRODUCTS_DIR; };
		AE0335ED2883404000C22F7D /* FieldWorkUITests.swift */ = {isa = PBXFileReference; lastKnownFileType = sourcecode.swift; path = FieldWorkUITests.swift; sourceTree = "<group>"; };
		AE0335EF2883404000C22F7D /* FieldWorkUITestsLaunchTests.swift */ = {isa = PBXFileReference; lastKnownFileType = sourcecode.swift; path = FieldWorkUITestsLaunchTests.swift; sourceTree = "<group>"; };
		AE0335FC288444FA00C22F7D /* SidebarView.swift */ = {isa = PBXFileReference; lastKnownFileType = sourcecode.swift; path = SidebarView.swift; sourceTree = "<group>"; };
		AE0335FE2884457100C22F7D /* InfoView.swift */ = {isa = PBXFileReference; lastKnownFileType = sourcecode.swift; path = InfoView.swift; sourceTree = "<group>"; };
		AE0336002884459C00C22F7D /* SampleEditor.swift */ = {isa = PBXFileReference; lastKnownFileType = sourcecode.swift; path = SampleEditor.swift; sourceTree = "<group>"; };
		AE0336022884973100C22F7D /* EditorView.swift */ = {isa = PBXFileReference; lastKnownFileType = sourcecode.swift; path = EditorView.swift; sourceTree = "<group>"; };
		AE0AAC1828C3F0BA00B4345D /* ISample.swift */ = {isa = PBXFileReference; lastKnownFileType = sourcecode.swift; path = ISample.swift; sourceTree = "<group>"; };
		AE1B8966289EFBB800FB8BF8 /* SampleView.swift */ = {isa = PBXFileReference; lastKnownFileType = sourcecode.swift; path = SampleView.swift; sourceTree = "<group>"; };
		AE1B8969289F0B8E00FB8BF8 /* BindingExtensions.swift */ = {isa = PBXFileReference; lastKnownFileType = sourcecode.swift; path = BindingExtensions.swift; sourceTree = "<group>"; };
		AE1B896B289FB8DE00FB8BF8 /* FieldWorkViewModel.swift */ = {isa = PBXFileReference; lastKnownFileType = sourcecode.swift; path = FieldWorkViewModel.swift; sourceTree = "<group>"; };
		AE59D3CC2A181927003B28D7 /* CollectionService.swift */ = {isa = PBXFileReference; lastKnownFileType = sourcecode.swift; path = CollectionService.swift; sourceTree = "<group>"; };
		AE59D3CF2A18EA2C003B28D7 /* FileService.swift */ = {isa = PBXFileReference; lastKnownFileType = sourcecode.swift; path = FileService.swift; sourceTree = "<group>"; };
		AE59D3D12A18EBB4003B28D7 /* PreviewCollectionService.swift */ = {isa = PBXFileReference; lastKnownFileType = sourcecode.swift; path = PreviewCollectionService.swift; sourceTree = "<group>"; };
		AE59D3D32A18EBC9003B28D7 /* UnimplementedCollectionService.swift */ = {isa = PBXFileReference; lastKnownFileType = sourcecode.swift; path = UnimplementedCollectionService.swift; sourceTree = "<group>"; };
		AE59D3D52A18EEA4003B28D7 /* PreviewFileService.swift */ = {isa = PBXFileReference; lastKnownFileType = sourcecode.swift; path = PreviewFileService.swift; sourceTree = "<group>"; };
		AE59D3D72A18EECA003B28D7 /* UnimplementedFileService.swift */ = {isa = PBXFileReference; lastKnownFileType = sourcecode.swift; path = UnimplementedFileService.swift; sourceTree = "<group>"; };
		AE6DD6EF289AF9A700EF3B4A /* FileCommands.swift */ = {isa = PBXFileReference; lastKnownFileType = sourcecode.swift; path = FileCommands.swift; sourceTree = "<group>"; };
		AE6DD6F1289AF9DE00EF3B4A /* ImportCommand.swift */ = {isa = PBXFileReference; lastKnownFileType = sourcecode.swift; path = ImportCommand.swift; sourceTree = "<group>"; };
		AE6DD6F4289D094700EF3B4A /* FieldWork-Bridging-Header.h */ = {isa = PBXFileReference; lastKnownFileType = sourcecode.c.h; path = "FieldWork-Bridging-Header.h"; sourceTree = "<group>"; };
		AE6DD6F5289D094700EF3B4A /* MLNSampleChannel.m */ = {isa = PBXFileReference; fileEncoding = 4; lastKnownFileType = sourcecode.c.objc; path = MLNSampleChannel.m; sourceTree = "<group>"; };
		AE6DD6F6289D094700EF3B4A /* pa_ringbuffer.h */ = {isa = PBXFileReference; fileEncoding = 4; lastKnownFileType = sourcecode.c.h; path = pa_ringbuffer.h; sourceTree = "<group>"; };
		AE6DD6F7289D094800EF3B4A /* MLNSampleBlockList.m */ = {isa = PBXFileReference; fileEncoding = 4; lastKnownFileType = sourcecode.c.objc; path = MLNSampleBlockList.m; sourceTree = "<group>"; };
		AE6DD6F8289D094800EF3B4A /* MLNSampleChannelIterator.h */ = {isa = PBXFileReference; fileEncoding = 4; lastKnownFileType = sourcecode.c.h; path = MLNSampleChannelIterator.h; sourceTree = "<group>"; };
		AE6DD6F9289D094800EF3B4A /* MLNSampleChannel.h */ = {isa = PBXFileReference; fileEncoding = 4; lastKnownFileType = sourcecode.c.h; path = MLNSampleChannel.h; sourceTree = "<group>"; };
		AE6DD6FA289D094800EF3B4A /* MLNSampleBlock.h */ = {isa = PBXFileReference; fileEncoding = 4; lastKnownFileType = sourcecode.c.h; path = MLNSampleBlock.h; sourceTree = "<group>"; };
		AE6DD6FB289D094800EF3B4A /* pa_ringbuffer.c */ = {isa = PBXFileReference; fileEncoding = 4; lastKnownFileType = sourcecode.c.c; path = pa_ringbuffer.c; sourceTree = "<group>"; };
		AE6DD6FD289D094800EF3B4A /* MLNSampleBlockList.h */ = {isa = PBXFileReference; fileEncoding = 4; lastKnownFileType = sourcecode.c.h; path = MLNSampleBlockList.h; sourceTree = "<group>"; };
		AE6DD6FE289D094800EF3B4A /* pa_memorybarrier.h */ = {isa = PBXFileReference; fileEncoding = 4; lastKnownFileType = sourcecode.c.h; path = pa_memorybarrier.h; sourceTree = "<group>"; };
		AE6DD6FF289D094800EF3B4A /* MLNSampleBlockFile.h */ = {isa = PBXFileReference; fileEncoding = 4; lastKnownFileType = sourcecode.c.h; path = MLNSampleBlockFile.h; sourceTree = "<group>"; };
		AE6DD701289D094800EF3B4A /* MLNSampleBlock.m */ = {isa = PBXFileReference; fileEncoding = 4; lastKnownFileType = sourcecode.c.objc; path = MLNSampleBlock.m; sourceTree = "<group>"; };
		AE6DD703289D094900EF3B4A /* MLNSampleChannelIterator.m */ = {isa = PBXFileReference; fileEncoding = 4; lastKnownFileType = sourcecode.c.objc; path = MLNSampleChannelIterator.m; sourceTree = "<group>"; };
		AE6DD704289D094900EF3B4A /* MLNSampleBlockFile.m */ = {isa = PBXFileReference; fileEncoding = 4; lastKnownFileType = sourcecode.c.objc; path = MLNSampleBlockFile.m; sourceTree = "<group>"; };
		AE6DD70C289D0A4400EF3B4A /* Constants.m */ = {isa = PBXFileReference; fileEncoding = 4; lastKnownFileType = sourcecode.c.objc; path = Constants.m; sourceTree = "<group>"; };
		AE6DD70D289D0A4400EF3B4A /* Constants.h */ = {isa = PBXFileReference; fileEncoding = 4; lastKnownFileType = sourcecode.c.h; path = Constants.h; sourceTree = "<group>"; };
		AE6DD715289D0B3800EF3B4A /* MLNMMapRegion.m */ = {isa = PBXFileReference; fileEncoding = 4; lastKnownFileType = sourcecode.c.objc; path = MLNMMapRegion.m; sourceTree = "<group>"; };
		AE6DD71D289D0B3800EF3B4A /* MLNCacheFile.m */ = {isa = PBXFileReference; fileEncoding = 4; lastKnownFileType = sourcecode.c.objc; path = MLNCacheFile.m; sourceTree = "<group>"; };
		AE6DD71E289D0B3800EF3B4A /* MLNCacheFile.h */ = {isa = PBXFileReference; fileEncoding = 4; lastKnownFileType = sourcecode.c.h; path = MLNCacheFile.h; sourceTree = "<group>"; };
		AE6DD723289D0B3900EF3B4A /* MLNMMapRegion.h */ = {isa = PBXFileReference; fileEncoding = 4; lastKnownFileType = sourcecode.c.h; path = MLNMMapRegion.h; sourceTree = "<group>"; };
		AE6DD730289D0B7900EF3B4A /* utils.m */ = {isa = PBXFileReference; fileEncoding = 4; lastKnownFileType = sourcecode.c.objc; path = utils.m; sourceTree = "<group>"; };
		AE6DD731289D0B7900EF3B4A /* utils.h */ = {isa = PBXFileReference; fileEncoding = 4; lastKnownFileType = sourcecode.c.h; path = utils.h; sourceTree = "<group>"; };
		AE6DD733289D0D7F00EF3B4A /* MLNSampleBlockSilence.h */ = {isa = PBXFileReference; fileEncoding = 4; lastKnownFileType = sourcecode.c.h; path = MLNSampleBlockSilence.h; sourceTree = "<group>"; };
		AE6DD734289D0D7F00EF3B4A /* MLNSampleBlockSilence.m */ = {isa = PBXFileReference; fileEncoding = 4; lastKnownFileType = sourcecode.c.objc; path = MLNSampleBlockSilence.m; sourceTree = "<group>"; };
		AE6DD73C289D22B900EF3B4A /* MLNCacheManager.h */ = {isa = PBXFileReference; lastKnownFileType = sourcecode.c.h; path = MLNCacheManager.h; sourceTree = "<group>"; };
		AE6DD73D289D22B900EF3B4A /* MLNCacheManager.m */ = {isa = PBXFileReference; lastKnownFileType = sourcecode.c.objc; path = MLNCacheManager.m; sourceTree = "<group>"; };
		AE764DC42885F9FF0060E6CC /* EditorModePicker.swift */ = {isa = PBXFileReference; fileEncoding = 4; lastKnownFileType = sourcecode.swift; path = EditorModePicker.swift; sourceTree = "<group>"; };
		AE780FEF29E363AE00E490F7 /* Selection.swift */ = {isa = PBXFileReference; lastKnownFileType = sourcecode.swift; path = Selection.swift; sourceTree = "<group>"; };
		AE79DED328DD0389009DA7A8 /* SampleMetadata.swift */ = {isa = PBXFileReference; fileEncoding = 4; lastKnownFileType = sourcecode.swift; path = SampleMetadata.swift; sourceTree = "<group>"; };
		AE839FCD28988331005F579C /* PreviewPersistenceController.swift */ = {isa = PBXFileReference; lastKnownFileType = sourcecode.swift; path = PreviewPersistenceController.swift; sourceTree = "<group>"; };
		AE8C62592A0D90C80077DAFD /* RecordingCapsule.swift */ = {isa = PBXFileReference; lastKnownFileType = sourcecode.swift; path = RecordingCapsule.swift; sourceTree = "<group>"; };
		AE90B32C28971BBE00EE6F72 /* RecordingMetadata.swift */ = {isa = PBXFileReference; lastKnownFileType = sourcecode.swift; path = RecordingMetadata.swift; sourceTree = "<group>"; };
		AE90B32E28971E2500EE6F72 /* PersistenceController.swift */ = {isa = PBXFileReference; lastKnownFileType = sourcecode.swift; path = PersistenceController.swift; sourceTree = "<group>"; };
		AE90B3302897224100EE6F72 /* TestablePersistenceController.swift */ = {isa = PBXFileReference; lastKnownFileType = sourcecode.swift; path = TestablePersistenceController.swift; sourceTree = "<group>"; };
		AE90B3322897334800EE6F72 /* LiveRecordingService.swift */ = {isa = PBXFileReference; lastKnownFileType = sourcecode.swift; path = LiveRecordingService.swift; sourceTree = "<group>"; };
		AE90B334289737DD00EE6F72 /* RecordingServiceTests.swift */ = {isa = PBXFileReference; lastKnownFileType = sourcecode.swift; path = RecordingServiceTests.swift; sourceTree = "<group>"; };
		AEA9C99928A54DFF00A17F8A /* LiveFileService.swift */ = {isa = PBXFileReference; lastKnownFileType = sourcecode.swift; path = LiveFileService.swift; sourceTree = "<group>"; };
		AEABCFF728A99BFE00711193 /* CaretView.swift */ = {isa = PBXFileReference; lastKnownFileType = sourcecode.swift; path = CaretView.swift; sourceTree = "<group>"; };
		AEABCFF928AB9C4500711193 /* Caret.swift */ = {isa = PBXFileReference; lastKnownFileType = sourcecode.swift; path = Caret.swift; sourceTree = "<group>"; };
		AEABD03428B76E3800711193 /* OverviewBar.swift */ = {isa = PBXFileReference; lastKnownFileType = sourcecode.swift; path = OverviewBar.swift; sourceTree = "<group>"; };
		AEABD03628BC0BE600711193 /* SampleDrawingHelper.swift */ = {isa = PBXFileReference; lastKnownFileType = sourcecode.swift; path = SampleDrawingHelper.swift; sourceTree = "<group>"; };
		AEABD03828BD52A800711193 /* FieldworkSample.swift */ = {isa = PBXFileReference; lastKnownFileType = sourcecode.swift; path = FieldworkSample.swift; sourceTree = "<group>"; };
		AEABD03A28BD597F00711193 /* FieldworkOperation.swift */ = {isa = PBXFileReference; lastKnownFileType = sourcecode.swift; path = FieldworkOperation.swift; sourceTree = "<group>"; };
		AEABD03E28BEAC0600711193 /* CoreaudioSampleLoader.h */ = {isa = PBXFileReference; lastKnownFileType = sourcecode.c.h; path = CoreaudioSampleLoader.h; sourceTree = "<group>"; };
		AEABD03F28BEAC0600711193 /* CoreaudioSampleLoader.m */ = {isa = PBXFileReference; lastKnownFileType = sourcecode.c.objc; path = CoreaudioSampleLoader.m; sourceTree = "<group>"; };
		AEABD04528C3303600711193 /* ProgressView.swift */ = {isa = PBXFileReference; lastKnownFileType = sourcecode.swift; path = ProgressView.swift; sourceTree = "<group>"; };
		AEACA2B828C938BE00E19AE4 /* ISampleLoader.swift */ = {isa = PBXFileReference; lastKnownFileType = sourcecode.swift; path = ISampleLoader.swift; sourceTree = "<group>"; };
		AEAF7D4928DA65E300E76868 /* FieldworkLoadOperation.swift */ = {isa = PBXFileReference; fileEncoding = 4; lastKnownFileType = sourcecode.swift; path = FieldworkLoadOperation.swift; sourceTree = "<group>"; };
		AEB429F02A16608A0030D884 /* PreviewRecordingService.swift */ = {isa = PBXFileReference; lastKnownFileType = sourcecode.swift; path = PreviewRecordingService.swift; sourceTree = "<group>"; };
		AEB429F22A17CE770030D884 /* ServiceDependencies.swift */ = {isa = PBXFileReference; lastKnownFileType = sourcecode.swift; path = ServiceDependencies.swift; sourceTree = "<group>"; };
		AEB429F42A1801B10030D884 /* RecordingService.swift */ = {isa = PBXFileReference; lastKnownFileType = sourcecode.swift; path = RecordingService.swift; sourceTree = "<group>"; };
		AEB429F72A18023C0030D884 /* UnimplementedRecordingService.swift */ = {isa = PBXFileReference; lastKnownFileType = sourcecode.swift; path = UnimplementedRecordingService.swift; sourceTree = "<group>"; };
		AEB4E85029FF0E1E0008ECD2 /* ResetCommand.swift */ = {isa = PBXFileReference; lastKnownFileType = sourcecode.swift; path = ResetCommand.swift; sourceTree = "<group>"; };
		AEB4E85229FF10C90008ECD2 /* DeveloperCommands.swift */ = {isa = PBXFileReference; lastKnownFileType = sourcecode.swift; path = DeveloperCommands.swift; sourceTree = "<group>"; };
		AEB4E8562A07020F0008ECD2 /* RecordingCollectionView.swift */ = {isa = PBXFileReference; lastKnownFileType = sourcecode.swift; path = RecordingCollectionView.swift; sourceTree = "<group>"; };
		AEB4E8592A0997230008ECD2 /* RecordingCollectionViewItem.swift */ = {isa = PBXFileReference; lastKnownFileType = sourcecode.swift; path = RecordingCollectionViewItem.swift; sourceTree = "<group>"; };
		AEDA2DCF29A6C1950087A7CE /* ViewCommands.swift */ = {isa = PBXFileReference; lastKnownFileType = sourcecode.swift; path = ViewCommands.swift; sourceTree = "<group>"; };
		AEDA2DD129A6C25D0087A7CE /* ZoomCommands.swift */ = {isa = PBXFileReference; lastKnownFileType = sourcecode.swift; path = ZoomCommands.swift; sourceTree = "<group>"; };
		AEDE43C42887EC5800A16F66 /* FieldWorkModel.xcdatamodel */ = {isa = PBXFileReference; lastKnownFileType = wrapper.xcdatamodel; path = FieldWorkModel.xcdatamodel; sourceTree = "<group>"; };
		AEE1CCF829FC747F006B3857 /* LiveCollectionService.swift */ = {isa = PBXFileReference; lastKnownFileType = sourcecode.swift; path = LiveCollectionService.swift; sourceTree = "<group>"; };
/* End PBXFileReference section */

/* Begin PBXFrameworksBuildPhase section */
		AE0335CB2883403C00C22F7D /* Frameworks */ = {
			isa = PBXFrameworksBuildPhase;
			buildActionMask = 2147483647;
			files = (
				AEE1CCF729F5DCD2006B3857 /* CouchbaseLiteSwift in Frameworks */,
				AECB7CF42A3D09E9003D5E95 /* Dependencies in Frameworks */,
			);
			runOnlyForDeploymentPostprocessing = 0;
		};
		AE0335DC2883404000C22F7D /* Frameworks */ = {
			isa = PBXFrameworksBuildPhase;
			buildActionMask = 2147483647;
			files = (
			);
			runOnlyForDeploymentPostprocessing = 0;
		};
		AE0335E62883404000C22F7D /* Frameworks */ = {
			isa = PBXFrameworksBuildPhase;
			buildActionMask = 2147483647;
			files = (
			);
			runOnlyForDeploymentPostprocessing = 0;
		};
/* End PBXFrameworksBuildPhase section */

/* Begin PBXGroup section */
		AE0335C52883403C00C22F7D = {
			isa = PBXGroup;
			children = (
				AE0335D02883403C00C22F7D /* FieldWork */,
				AE0335E22883404000C22F7D /* FieldWorkTests */,
				AE0335EC2883404000C22F7D /* FieldWorkUITests */,
				AE0335CF2883403C00C22F7D /* Products */,
			);
			sourceTree = "<group>";
		};
		AE0335CF2883403C00C22F7D /* Products */ = {
			isa = PBXGroup;
			children = (
				AE0335CE2883403C00C22F7D /* FieldWork.app */,
				AE0335DF2883404000C22F7D /* FieldWorkTests.xctest */,
				AE0335E92883404000C22F7D /* FieldWorkUITests.xctest */,
			);
			name = Products;
			sourceTree = "<group>";
		};
		AE0335D02883403C00C22F7D /* FieldWork */ = {
			isa = PBXGroup;
			children = (
				AE59D3D92A18F23A003B28D7 /* SidebarFeature */,
				AEB4E8582A0996AD0008ECD2 /* RecordingCollectionFeature */,
				AEABD04228C1FCD100711193 /* Fieldwork */,
				AEA9C99828A54DEB00A17F8A /* Services */,
				AE1B8968289F0B7500FB8BF8 /* Extensions */,
				AE6DD6F3289D08E900EF3B4A /* Marlin */,
				AE6DD6EE289AF98000EF3B4A /* Commands */,
				AE0335D12883403C00C22F7D /* FieldWorkApp.swift */,
				AE764DC72886055C0060E6CC /* Editors */,
				AE764DC9288605BF0060E6CC /* Model */,
				AE764DC62886053E0060E6CC /* Navigation */,
				AE764DC8288605840060E6CC /* Views */,
				AE0335D52883403F00C22F7D /* Assets.xcassets */,
				AE0335DA2883403F00C22F7D /* FieldWork.entitlements */,
				AE0335D72883403F00C22F7D /* Preview Content */,
			);
			path = FieldWork;
			sourceTree = "<group>";
		};
		AE0335D72883403F00C22F7D /* Preview Content */ = {
			isa = PBXGroup;
			children = (
				AE0335D82883403F00C22F7D /* Preview Assets.xcassets */,
			);
			path = "Preview Content";
			sourceTree = "<group>";
		};
		AE0335E22883404000C22F7D /* FieldWorkTests */ = {
			isa = PBXGroup;
			children = (
				AE0335E32883404000C22F7D /* FieldWorkTests.swift */,
				AE90B334289737DD00EE6F72 /* RecordingServiceTests.swift */,
			);
			path = FieldWorkTests;
			sourceTree = "<group>";
		};
		AE0335EC2883404000C22F7D /* FieldWorkUITests */ = {
			isa = PBXGroup;
			children = (
				AE0335ED2883404000C22F7D /* FieldWorkUITests.swift */,
				AE0335EF2883404000C22F7D /* FieldWorkUITestsLaunchTests.swift */,
			);
			path = FieldWorkUITests;
			sourceTree = "<group>";
		};
		AE0AAC1728C3F09B00B4345D /* Def */ = {
			isa = PBXGroup;
			children = (
				AE79DED328DD0389009DA7A8 /* SampleMetadata.swift */,
				AE0AAC1828C3F0BA00B4345D /* ISample.swift */,
				AEACA2B828C938BE00E19AE4 /* ISampleLoader.swift */,
				AE780FEF29E363AE00E490F7 /* Selection.swift */,
			);
			path = Def;
			sourceTree = "<group>";
		};
		AE1238AD2A1C0E0D007BE9FF /* InfoFeature */ = {
			isa = PBXGroup;
			children = (
				AE0335FE2884457100C22F7D /* InfoView.swift */,
			);
			path = InfoFeature;
			sourceTree = "<group>";
		};
		AE1238AE2A1C0E64007BE9FF /* ContentFeature */ = {
			isa = PBXGroup;
			children = (
				AE0335D32883403C00C22F7D /* ContentView.swift */,
			);
			path = ContentFeature;
			sourceTree = "<group>";
		};
		AE1B8968289F0B7500FB8BF8 /* Extensions */ = {
			isa = PBXGroup;
			children = (
				AE1B8969289F0B8E00FB8BF8 /* BindingExtensions.swift */,
			);
			path = Extensions;
			sourceTree = "<group>";
		};
		AE59D3CE2A182805003B28D7 /* FileService */ = {
			isa = PBXGroup;
			children = (
				AEA9C99928A54DFF00A17F8A /* LiveFileService.swift */,
				AE59D3CF2A18EA2C003B28D7 /* FileService.swift */,
				AE59D3D52A18EEA4003B28D7 /* PreviewFileService.swift */,
				AE59D3D72A18EECA003B28D7 /* UnimplementedFileService.swift */,
			);
			path = FileService;
			sourceTree = "<group>";
		};
		AE59D3D92A18F23A003B28D7 /* SidebarFeature */ = {
			isa = PBXGroup;
			children = (
				AE0335FC288444FA00C22F7D /* SidebarView.swift */,
			);
			path = SidebarFeature;
			sourceTree = "<group>";
		};
		AE6DD6EE289AF98000EF3B4A /* Commands */ = {
			isa = PBXGroup;
			children = (
				AE6DD6EF289AF9A700EF3B4A /* FileCommands.swift */,
				AE6DD6F1289AF9DE00EF3B4A /* ImportCommand.swift */,
				AEDA2DCF29A6C1950087A7CE /* ViewCommands.swift */,
				AEDA2DD129A6C25D0087A7CE /* ZoomCommands.swift */,
				AEB4E85029FF0E1E0008ECD2 /* ResetCommand.swift */,
				AEB4E85229FF10C90008ECD2 /* DeveloperCommands.swift */,
			);
			path = Commands;
			sourceTree = "<group>";
		};
		AE6DD6F3289D08E900EF3B4A /* Marlin */ = {
			isa = PBXGroup;
			children = (
				AE6DD731289D0B7900EF3B4A /* utils.h */,
				AE6DD730289D0B7900EF3B4A /* utils.m */,
				AE6DD71E289D0B3800EF3B4A /* MLNCacheFile.h */,
				AE6DD71D289D0B3800EF3B4A /* MLNCacheFile.m */,
				AE6DD723289D0B3900EF3B4A /* MLNMMapRegion.h */,
				AE6DD715289D0B3800EF3B4A /* MLNMMapRegion.m */,
				AE6DD70D289D0A4400EF3B4A /* Constants.h */,
				AE6DD70C289D0A4400EF3B4A /* Constants.m */,
				AE6DD6FA289D094800EF3B4A /* MLNSampleBlock.h */,
				AE6DD701289D094800EF3B4A /* MLNSampleBlock.m */,
				AE6DD6FF289D094800EF3B4A /* MLNSampleBlockFile.h */,
				AE6DD704289D094900EF3B4A /* MLNSampleBlockFile.m */,
				AE6DD6FD289D094800EF3B4A /* MLNSampleBlockList.h */,
				AE6DD6F7289D094800EF3B4A /* MLNSampleBlockList.m */,
				AE6DD733289D0D7F00EF3B4A /* MLNSampleBlockSilence.h */,
				AE6DD734289D0D7F00EF3B4A /* MLNSampleBlockSilence.m */,
				AE6DD6F9289D094800EF3B4A /* MLNSampleChannel.h */,
				AE6DD6F5289D094700EF3B4A /* MLNSampleChannel.m */,
				AE6DD6F8289D094800EF3B4A /* MLNSampleChannelIterator.h */,
				AE6DD703289D094900EF3B4A /* MLNSampleChannelIterator.m */,
				AE6DD6FE289D094800EF3B4A /* pa_memorybarrier.h */,
				AE6DD6FB289D094800EF3B4A /* pa_ringbuffer.c */,
				AE6DD6F6289D094700EF3B4A /* pa_ringbuffer.h */,
				AE6DD6F4289D094700EF3B4A /* FieldWork-Bridging-Header.h */,
				AE6DD73C289D22B900EF3B4A /* MLNCacheManager.h */,
				AE6DD73D289D22B900EF3B4A /* MLNCacheManager.m */,
				AEABD03E28BEAC0600711193 /* CoreaudioSampleLoader.h */,
				AEABD03F28BEAC0600711193 /* CoreaudioSampleLoader.m */,
			);
			path = Marlin;
			sourceTree = "<group>";
		};
		AE764DC62886053E0060E6CC /* Navigation */ = {
			isa = PBXGroup;
			children = (
				AE1238AE2A1C0E64007BE9FF /* ContentFeature */,
				AE0336022884973100C22F7D /* EditorView.swift */,
			);
			path = Navigation;
			sourceTree = "<group>";
		};
		AE764DC72886055C0060E6CC /* Editors */ = {
			isa = PBXGroup;
			children = (
				AE1238AD2A1C0E0D007BE9FF /* InfoFeature */,
				AE0336002884459C00C22F7D /* SampleEditor.swift */,
			);
			path = Editors;
			sourceTree = "<group>";
		};
		AE764DC8288605840060E6CC /* Views */ = {
			isa = PBXGroup;
			children = (
				AE764DC42885F9FF0060E6CC /* EditorModePicker.swift */,
				AEABCFF628A99BC000711193 /* NSViews */,
				AEABCFF928AB9C4500711193 /* Caret.swift */,
				AEABD04528C3303600711193 /* ProgressView.swift */,
			);
			path = Views;
			sourceTree = "<group>";
		};
		AE764DC9288605BF0060E6CC /* Model */ = {
			isa = PBXGroup;
			children = (
				AEDE43C32887EC5800A16F66 /* FieldWorkModel.xcdatamodeld */,
				AE90B32C28971BBE00EE6F72 /* RecordingMetadata.swift */,
				AE90B32E28971E2500EE6F72 /* PersistenceController.swift */,
				AE90B3302897224100EE6F72 /* TestablePersistenceController.swift */,
				AE839FCD28988331005F579C /* PreviewPersistenceController.swift */,
				AE1B896B289FB8DE00FB8BF8 /* FieldWorkViewModel.swift */,
			);
			path = Model;
			sourceTree = "<group>";
		};
		AEA9C99828A54DEB00A17F8A /* Services */ = {
			isa = PBXGroup;
			children = (
				AE59D3CE2A182805003B28D7 /* FileService */,
				AEB429F92A1818700030D884 /* CollectionService */,
				AEB429F62A18021B0030D884 /* RecordingService */,
				AEB429F22A17CE770030D884 /* ServiceDependencies.swift */,
			);
			path = Services;
			sourceTree = "<group>";
		};
		AEABCFF628A99BC000711193 /* NSViews */ = {
			isa = PBXGroup;
			children = (
				AE1B8966289EFBB800FB8BF8 /* SampleView.swift */,
				AEABCFF728A99BFE00711193 /* CaretView.swift */,
				AEABD03428B76E3800711193 /* OverviewBar.swift */,
				AEABD03628BC0BE600711193 /* SampleDrawingHelper.swift */,
			);
			path = NSViews;
			sourceTree = "<group>";
		};
		AEABD04228C1FCD100711193 /* Fieldwork */ = {
			isa = PBXGroup;
			children = (
				AE0AAC1728C3F09B00B4345D /* Def */,
				AEABD03828BD52A800711193 /* FieldworkSample.swift */,
				AEAF7D4928DA65E300E76868 /* FieldworkLoadOperation.swift */,
				AEABD03A28BD597F00711193 /* FieldworkOperation.swift */,
			);
			path = Fieldwork;
			sourceTree = "<group>";
		};
		AEB429F62A18021B0030D884 /* RecordingService */ = {
			isa = PBXGroup;
			children = (
				AE90B3322897334800EE6F72 /* LiveRecordingService.swift */,
				AEB429F02A16608A0030D884 /* PreviewRecordingService.swift */,
				AEB429F42A1801B10030D884 /* RecordingService.swift */,
				AEB429F72A18023C0030D884 /* UnimplementedRecordingService.swift */,
			);
			path = RecordingService;
			sourceTree = "<group>";
		};
		AEB429F92A1818700030D884 /* CollectionService */ = {
			isa = PBXGroup;
			children = (
				AEE1CCF829FC747F006B3857 /* LiveCollectionService.swift */,
				AE59D3CC2A181927003B28D7 /* CollectionService.swift */,
				AE59D3D12A18EBB4003B28D7 /* PreviewCollectionService.swift */,
				AE59D3D32A18EBC9003B28D7 /* UnimplementedCollectionService.swift */,
			);
			path = CollectionService;
			sourceTree = "<group>";
		};
		AEB4E8582A0996AD0008ECD2 /* RecordingCollectionFeature */ = {
			isa = PBXGroup;
			children = (
				AEB4E8562A07020F0008ECD2 /* RecordingCollectionView.swift */,
				AEB4E8592A0997230008ECD2 /* RecordingCollectionViewItem.swift */,
				AE8C62592A0D90C80077DAFD /* RecordingCapsule.swift */,
			);
			path = RecordingCollectionFeature;
			sourceTree = "<group>";
		};
/* End PBXGroup section */

/* Begin PBXNativeTarget section */
		AE0335CD2883403C00C22F7D /* FieldWork */ = {
			isa = PBXNativeTarget;
			buildConfigurationList = AE0335F32883404000C22F7D /* Build configuration list for PBXNativeTarget "FieldWork" */;
			buildPhases = (
				AE0335CA2883403C00C22F7D /* Sources */,
				AE0335CB2883403C00C22F7D /* Frameworks */,
				AE0335CC2883403C00C22F7D /* Resources */,
			);
			buildRules = (
			);
			dependencies = (
			);
			name = FieldWork;
			packageProductDependencies = (
				AEE1CCF629F5DCD2006B3857 /* CouchbaseLiteSwift */,
				AECB7CF32A3D09E9003D5E95 /* Dependencies */,
			);
			productName = FieldWork;
			productReference = AE0335CE2883403C00C22F7D /* FieldWork.app */;
			productType = "com.apple.product-type.application";
		};
		AE0335DE2883404000C22F7D /* FieldWorkTests */ = {
			isa = PBXNativeTarget;
			buildConfigurationList = AE0335F62883404000C22F7D /* Build configuration list for PBXNativeTarget "FieldWorkTests" */;
			buildPhases = (
				AE0335DB2883404000C22F7D /* Sources */,
				AE0335DC2883404000C22F7D /* Frameworks */,
				AE0335DD2883404000C22F7D /* Resources */,
			);
			buildRules = (
			);
			dependencies = (
				AE0335E12883404000C22F7D /* PBXTargetDependency */,
			);
			name = FieldWorkTests;
			productName = FieldWorkTests;
			productReference = AE0335DF2883404000C22F7D /* FieldWorkTests.xctest */;
			productType = "com.apple.product-type.bundle.unit-test";
		};
		AE0335E82883404000C22F7D /* FieldWorkUITests */ = {
			isa = PBXNativeTarget;
			buildConfigurationList = AE0335F92883404000C22F7D /* Build configuration list for PBXNativeTarget "FieldWorkUITests" */;
			buildPhases = (
				AE0335E52883404000C22F7D /* Sources */,
				AE0335E62883404000C22F7D /* Frameworks */,
				AE0335E72883404000C22F7D /* Resources */,
			);
			buildRules = (
			);
			dependencies = (
				AE0335EB2883404000C22F7D /* PBXTargetDependency */,
			);
			name = FieldWorkUITests;
			productName = FieldWorkUITests;
			productReference = AE0335E92883404000C22F7D /* FieldWorkUITests.xctest */;
			productType = "com.apple.product-type.bundle.ui-testing";
		};
/* End PBXNativeTarget section */

/* Begin PBXProject section */
		AE0335C62883403C00C22F7D /* Project object */ = {
			isa = PBXProject;
			attributes = {
				BuildIndependentTargetsInParallel = 1;
				LastSwiftUpdateCheck = 1340;
				LastUpgradeCheck = 1430;
				TargetAttributes = {
					AE0335CD2883403C00C22F7D = {
						CreatedOnToolsVersion = 13.4.1;
						LastSwiftMigration = 1400;
					};
					AE0335DE2883404000C22F7D = {
						CreatedOnToolsVersion = 13.4.1;
						TestTargetID = AE0335CD2883403C00C22F7D;
					};
					AE0335E82883404000C22F7D = {
						CreatedOnToolsVersion = 13.4.1;
						TestTargetID = AE0335CD2883403C00C22F7D;
					};
				};
			};
			buildConfigurationList = AE0335C92883403C00C22F7D /* Build configuration list for PBXProject "FieldWork" */;
			compatibilityVersion = "Xcode 13.0";
			developmentRegion = en;
			hasScannedForEncodings = 0;
			knownRegions = (
				en,
				Base,
			);
			mainGroup = AE0335C52883403C00C22F7D;
			packageReferences = (
				AEE1CCF529F5DCD2006B3857 /* XCRemoteSwiftPackageReference "couchbase-lite-swift-ee" */,
				AECB7CF22A3D09E9003D5E95 /* XCRemoteSwiftPackageReference "swift-dependencies" */,
			);
			productRefGroup = AE0335CF2883403C00C22F7D /* Products */;
			projectDirPath = "";
			projectRoot = "";
			targets = (
				AE0335CD2883403C00C22F7D /* FieldWork */,
				AE0335DE2883404000C22F7D /* FieldWorkTests */,
				AE0335E82883404000C22F7D /* FieldWorkUITests */,
			);
		};
/* End PBXProject section */

/* Begin PBXResourcesBuildPhase section */
		AE0335CC2883403C00C22F7D /* Resources */ = {
			isa = PBXResourcesBuildPhase;
			buildActionMask = 2147483647;
			files = (
				AE0335D92883403F00C22F7D /* Preview Assets.xcassets in Resources */,
				AE0335D62883403F00C22F7D /* Assets.xcassets in Resources */,
			);
			runOnlyForDeploymentPostprocessing = 0;
		};
		AE0335DD2883404000C22F7D /* Resources */ = {
			isa = PBXResourcesBuildPhase;
			buildActionMask = 2147483647;
			files = (
			);
			runOnlyForDeploymentPostprocessing = 0;
		};
		AE0335E72883404000C22F7D /* Resources */ = {
			isa = PBXResourcesBuildPhase;
			buildActionMask = 2147483647;
			files = (
			);
			runOnlyForDeploymentPostprocessing = 0;
		};
/* End PBXResourcesBuildPhase section */

/* Begin PBXSourcesBuildPhase section */
		AE0335CA2883403C00C22F7D /* Sources */ = {
			isa = PBXSourcesBuildPhase;
			buildActionMask = 2147483647;
			files = (
				AEB429F32A17CE770030D884 /* ServiceDependencies.swift in Sources */,
				AE90B3312897224100EE6F72 /* TestablePersistenceController.swift in Sources */,
				AEA9C99A28A54DFF00A17F8A /* LiveFileService.swift in Sources */,
				AE1B896A289F0B8E00FB8BF8 /* BindingExtensions.swift in Sources */,
				AEABD03B28BD597F00711193 /* FieldworkOperation.swift in Sources */,
				AEE1CCF929FC747F006B3857 /* LiveCollectionService.swift in Sources */,
				AE59D3D62A18EEA4003B28D7 /* PreviewFileService.swift in Sources */,
				AEAF7D4A28DA65E300E76868 /* FieldworkLoadOperation.swift in Sources */,
				AE59D3CD2A181927003B28D7 /* CollectionService.swift in Sources */,
				AE59D3D22A18EBB4003B28D7 /* PreviewCollectionService.swift in Sources */,
				AE6DD6F0289AF9A700EF3B4A /* FileCommands.swift in Sources */,
				AE0336012884459C00C22F7D /* SampleEditor.swift in Sources */,
				AEABCFFA28AB9C4500711193 /* Caret.swift in Sources */,
				AE0335FF2884457100C22F7D /* InfoView.swift in Sources */,
				AE6DD707289D094900EF3B4A /* pa_ringbuffer.c in Sources */,
				AE6DD70E289D0A4400EF3B4A /* Constants.m in Sources */,
				AE90B32D28971BBE00EE6F72 /* RecordingMetadata.swift in Sources */,
				AE6DD708289D094900EF3B4A /* MLNSampleBlock.m in Sources */,
				AEABD03928BD52A800711193 /* FieldworkSample.swift in Sources */,
				AE1B896C289FB8DE00FB8BF8 /* FieldWorkViewModel.swift in Sources */,
				AE59D3D42A18EBC9003B28D7 /* UnimplementedCollectionService.swift in Sources */,
				AEB4E8572A07020F0008ECD2 /* RecordingCollectionView.swift in Sources */,
				AE6DD72E289D0B3900EF3B4A /* MLNCacheFile.m in Sources */,
				AE59D3D02A18EA2C003B28D7 /* FileService.swift in Sources */,
				AEABD04028BEAC0600711193 /* CoreaudioSampleLoader.m in Sources */,
				AEABD04628C3303600711193 /* ProgressView.swift in Sources */,
				AEDE43C52887EC5800A16F66 /* FieldWorkModel.xcdatamodeld in Sources */,
				AE79DED428DD038A009DA7A8 /* SampleMetadata.swift in Sources */,
				AE90B3332897334800EE6F72 /* LiveRecordingService.swift in Sources */,
				AEABCFF828A99BFE00711193 /* CaretView.swift in Sources */,
				AEB429F12A16608A0030D884 /* PreviewRecordingService.swift in Sources */,
				AE764DC52885F9FF0060E6CC /* EditorModePicker.swift in Sources */,
				AEB4E85329FF10C90008ECD2 /* DeveloperCommands.swift in Sources */,
				AE839FCE28988331005F579C /* PreviewPersistenceController.swift in Sources */,
				AE8C625A2A0D90C80077DAFD /* RecordingCapsule.swift in Sources */,
				AE0335D42883403C00C22F7D /* ContentView.swift in Sources */,
				AE6DD706289D094900EF3B4A /* MLNSampleBlockList.m in Sources */,
				AE6DD72A289D0B3900EF3B4A /* MLNMMapRegion.m in Sources */,
				AE90B32F28971E2500EE6F72 /* PersistenceController.swift in Sources */,
				AEACA2B928C938BE00E19AE4 /* ISampleLoader.swift in Sources */,
				AEDA2DD229A6C25D0087A7CE /* ZoomCommands.swift in Sources */,
				AEB4E85129FF0E1E0008ECD2 /* ResetCommand.swift in Sources */,
				AE6DD735289D0D7F00EF3B4A /* MLNSampleBlockSilence.m in Sources */,
				AE6DD6F2289AF9DE00EF3B4A /* ImportCommand.swift in Sources */,
				AE6DD732289D0B7900EF3B4A /* utils.m in Sources */,
				AE0AAC1928C3F0BA00B4345D /* ISample.swift in Sources */,
				AE0336032884973100C22F7D /* EditorView.swift in Sources */,
				AE6DD73E289D22B900EF3B4A /* MLNCacheManager.m in Sources */,
				AEABD03728BC0BE600711193 /* SampleDrawingHelper.swift in Sources */,
				AEABD03528B76E3800711193 /* OverviewBar.swift in Sources */,
				AE6DD70B289D094900EF3B4A /* MLNSampleBlockFile.m in Sources */,
				AEB429F52A1801B10030D884 /* RecordingService.swift in Sources */,
				AEB4E85A2A0997230008ECD2 /* RecordingCollectionViewItem.swift in Sources */,
				AE0335D22883403C00C22F7D /* FieldWorkApp.swift in Sources */,
				AE1B8967289EFBB800FB8BF8 /* SampleView.swift in Sources */,
				AE0335FD288444FA00C22F7D /* SidebarView.swift in Sources */,
				AE6DD705289D094900EF3B4A /* MLNSampleChannel.m in Sources */,
				AE59D3D82A18EECA003B28D7 /* UnimplementedFileService.swift in Sources */,
				AEB429F82A18023C0030D884 /* UnimplementedRecordingService.swift in Sources */,
				AEDA2DD029A6C1950087A7CE /* ViewCommands.swift in Sources */,
				AE780FF029E363AE00E490F7 /* Selection.swift in Sources */,
				AE6DD70A289D094900EF3B4A /* MLNSampleChannelIterator.m in Sources */,
			);
			runOnlyForDeploymentPostprocessing = 0;
		};
		AE0335DB2883404000C22F7D /* Sources */ = {
			isa = PBXSourcesBuildPhase;
			buildActionMask = 2147483647;
			files = (
				AE0335E42883404000C22F7D /* FieldWorkTests.swift in Sources */,
				AE90B335289737DD00EE6F72 /* RecordingServiceTests.swift in Sources */,
			);
			runOnlyForDeploymentPostprocessing = 0;
		};
		AE0335E52883404000C22F7D /* Sources */ = {
			isa = PBXSourcesBuildPhase;
			buildActionMask = 2147483647;
			files = (
				AE0335F02883404000C22F7D /* FieldWorkUITestsLaunchTests.swift in Sources */,
				AE0335EE2883404000C22F7D /* FieldWorkUITests.swift in Sources */,
			);
			runOnlyForDeploymentPostprocessing = 0;
		};
/* End PBXSourcesBuildPhase section */

/* Begin PBXTargetDependency section */
		AE0335E12883404000C22F7D /* PBXTargetDependency */ = {
			isa = PBXTargetDependency;
			target = AE0335CD2883403C00C22F7D /* FieldWork */;
			targetProxy = AE0335E02883404000C22F7D /* PBXContainerItemProxy */;
		};
		AE0335EB2883404000C22F7D /* PBXTargetDependency */ = {
			isa = PBXTargetDependency;
			target = AE0335CD2883403C00C22F7D /* FieldWork */;
			targetProxy = AE0335EA2883404000C22F7D /* PBXContainerItemProxy */;
		};
/* End PBXTargetDependency section */

/* Begin XCBuildConfiguration section */
		AE0335F12883404000C22F7D /* Debug */ = {
			isa = XCBuildConfiguration;
			buildSettings = {
				ALWAYS_SEARCH_USER_PATHS = NO;
				CLANG_ANALYZER_NONNULL = YES;
				CLANG_ANALYZER_NUMBER_OBJECT_CONVERSION = YES_AGGRESSIVE;
				CLANG_CXX_LANGUAGE_STANDARD = "gnu++17";
				CLANG_ENABLE_MODULES = YES;
				CLANG_ENABLE_OBJC_ARC = YES;
				CLANG_ENABLE_OBJC_WEAK = YES;
				CLANG_WARN_BLOCK_CAPTURE_AUTORELEASING = YES;
				CLANG_WARN_BOOL_CONVERSION = YES;
				CLANG_WARN_COMMA = YES;
				CLANG_WARN_CONSTANT_CONVERSION = YES;
				CLANG_WARN_DEPRECATED_OBJC_IMPLEMENTATIONS = YES;
				CLANG_WARN_DIRECT_OBJC_ISA_USAGE = YES_ERROR;
				CLANG_WARN_DOCUMENTATION_COMMENTS = YES;
				CLANG_WARN_EMPTY_BODY = YES;
				CLANG_WARN_ENUM_CONVERSION = YES;
				CLANG_WARN_INFINITE_RECURSION = YES;
				CLANG_WARN_INT_CONVERSION = YES;
				CLANG_WARN_NON_LITERAL_NULL_CONVERSION = YES;
				CLANG_WARN_OBJC_IMPLICIT_RETAIN_SELF = YES;
				CLANG_WARN_OBJC_LITERAL_CONVERSION = YES;
				CLANG_WARN_OBJC_ROOT_CLASS = YES_ERROR;
				CLANG_WARN_QUOTED_INCLUDE_IN_FRAMEWORK_HEADER = YES;
				CLANG_WARN_RANGE_LOOP_ANALYSIS = YES;
				CLANG_WARN_STRICT_PROTOTYPES = YES;
				CLANG_WARN_SUSPICIOUS_MOVE = YES;
				CLANG_WARN_UNGUARDED_AVAILABILITY = YES_AGGRESSIVE;
				CLANG_WARN_UNREACHABLE_CODE = YES;
				CLANG_WARN__DUPLICATE_METHOD_MATCH = YES;
				COPY_PHASE_STRIP = NO;
				DEAD_CODE_STRIPPING = YES;
				DEBUG_INFORMATION_FORMAT = dwarf;
				ENABLE_STRICT_OBJC_MSGSEND = YES;
				ENABLE_TESTABILITY = YES;
				GCC_C_LANGUAGE_STANDARD = gnu11;
				GCC_DYNAMIC_NO_PIC = NO;
				GCC_NO_COMMON_BLOCKS = YES;
				GCC_OPTIMIZATION_LEVEL = 0;
				GCC_PREPROCESSOR_DEFINITIONS = (
					"DEBUG=1",
					"$(inherited)",
				);
				GCC_WARN_64_TO_32_BIT_CONVERSION = YES;
				GCC_WARN_ABOUT_RETURN_TYPE = YES_ERROR;
				GCC_WARN_UNDECLARED_SELECTOR = YES;
				GCC_WARN_UNINITIALIZED_AUTOS = YES_AGGRESSIVE;
				GCC_WARN_UNUSED_FUNCTION = YES;
				GCC_WARN_UNUSED_VARIABLE = YES;
				MACOSX_DEPLOYMENT_TARGET = 13.0;
				MTL_ENABLE_DEBUG_INFO = INCLUDE_SOURCE;
				MTL_FAST_MATH = YES;
				ONLY_ACTIVE_ARCH = YES;
				SDKROOT = macosx;
				SWIFT_ACTIVE_COMPILATION_CONDITIONS = DEBUG;
				SWIFT_OPTIMIZATION_LEVEL = "-Onone";
			};
			name = Debug;
		};
		AE0335F22883404000C22F7D /* Release */ = {
			isa = XCBuildConfiguration;
			buildSettings = {
				ALWAYS_SEARCH_USER_PATHS = NO;
				CLANG_ANALYZER_NONNULL = YES;
				CLANG_ANALYZER_NUMBER_OBJECT_CONVERSION = YES_AGGRESSIVE;
				CLANG_CXX_LANGUAGE_STANDARD = "gnu++17";
				CLANG_ENABLE_MODULES = YES;
				CLANG_ENABLE_OBJC_ARC = YES;
				CLANG_ENABLE_OBJC_WEAK = YES;
				CLANG_WARN_BLOCK_CAPTURE_AUTORELEASING = YES;
				CLANG_WARN_BOOL_CONVERSION = YES;
				CLANG_WARN_COMMA = YES;
				CLANG_WARN_CONSTANT_CONVERSION = YES;
				CLANG_WARN_DEPRECATED_OBJC_IMPLEMENTATIONS = YES;
				CLANG_WARN_DIRECT_OBJC_ISA_USAGE = YES_ERROR;
				CLANG_WARN_DOCUMENTATION_COMMENTS = YES;
				CLANG_WARN_EMPTY_BODY = YES;
				CLANG_WARN_ENUM_CONVERSION = YES;
				CLANG_WARN_INFINITE_RECURSION = YES;
				CLANG_WARN_INT_CONVERSION = YES;
				CLANG_WARN_NON_LITERAL_NULL_CONVERSION = YES;
				CLANG_WARN_OBJC_IMPLICIT_RETAIN_SELF = YES;
				CLANG_WARN_OBJC_LITERAL_CONVERSION = YES;
				CLANG_WARN_OBJC_ROOT_CLASS = YES_ERROR;
				CLANG_WARN_QUOTED_INCLUDE_IN_FRAMEWORK_HEADER = YES;
				CLANG_WARN_RANGE_LOOP_ANALYSIS = YES;
				CLANG_WARN_STRICT_PROTOTYPES = YES;
				CLANG_WARN_SUSPICIOUS_MOVE = YES;
				CLANG_WARN_UNGUARDED_AVAILABILITY = YES_AGGRESSIVE;
				CLANG_WARN_UNREACHABLE_CODE = YES;
				CLANG_WARN__DUPLICATE_METHOD_MATCH = YES;
				COPY_PHASE_STRIP = NO;
				DEAD_CODE_STRIPPING = YES;
				DEBUG_INFORMATION_FORMAT = "dwarf-with-dsym";
				ENABLE_NS_ASSERTIONS = NO;
				ENABLE_STRICT_OBJC_MSGSEND = YES;
				GCC_C_LANGUAGE_STANDARD = gnu11;
				GCC_NO_COMMON_BLOCKS = YES;
				GCC_WARN_64_TO_32_BIT_CONVERSION = YES;
				GCC_WARN_ABOUT_RETURN_TYPE = YES_ERROR;
				GCC_WARN_UNDECLARED_SELECTOR = YES;
				GCC_WARN_UNINITIALIZED_AUTOS = YES_AGGRESSIVE;
				GCC_WARN_UNUSED_FUNCTION = YES;
				GCC_WARN_UNUSED_VARIABLE = YES;
				MACOSX_DEPLOYMENT_TARGET = 13.0;
				MTL_ENABLE_DEBUG_INFO = NO;
				MTL_FAST_MATH = YES;
				SDKROOT = macosx;
				SWIFT_COMPILATION_MODE = wholemodule;
				SWIFT_OPTIMIZATION_LEVEL = "-O";
			};
			name = Release;
		};
		AE0335F42883404000C22F7D /* Debug */ = {
			isa = XCBuildConfiguration;
			buildSettings = {
				ASSETCATALOG_COMPILER_APPICON_NAME = AppIcon;
				ASSETCATALOG_COMPILER_GLOBAL_ACCENT_COLOR_NAME = AccentColor;
				CLANG_ENABLE_MODULES = YES;
				CODE_SIGN_ENTITLEMENTS = FieldWork/FieldWork.entitlements;
				"CODE_SIGN_IDENTITY[sdk=macosx*]" = "-";
				CODE_SIGN_STYLE = Manual;
				COMBINE_HIDPI_IMAGES = YES;
				CURRENT_PROJECT_VERSION = 1;
				DEAD_CODE_STRIPPING = YES;
				DEVELOPMENT_ASSET_PATHS = "\"FieldWork/Preview Content\"";
				DEVELOPMENT_TEAM = "";
				ENABLE_HARDENED_RUNTIME = YES;
				ENABLE_PREVIEWS = YES;
				GENERATE_INFOPLIST_FILE = YES;
				HEADER_SEARCH_PATHS = $PROJECT_DIR/Marlin;
				INFOPLIST_KEY_NSHumanReadableCopyright = "";
				LD_RUNPATH_SEARCH_PATHS = (
					"$(inherited)",
					"@executable_path/../Frameworks",
				);
				MARKETING_VERSION = 1.0;
				PRODUCT_BUNDLE_IDENTIFIER = com.falsevictories.FieldWork;
				PRODUCT_NAME = "$(TARGET_NAME)";
				PROVISIONING_PROFILE_SPECIFIER = "";
				SUPPORTED_PLATFORMS = "iphoneos iphonesimulator macosx";
				SUPPORTS_MACCATALYST = NO;
				SUPPORTS_MAC_DESIGNED_FOR_IPHONE_IPAD = NO;
				SWIFT_EMIT_LOC_STRINGS = YES;
				SWIFT_OBJC_BRIDGING_HEADER = "FieldWork/Marlin/FieldWork-Bridging-Header.h";
				SWIFT_OPTIMIZATION_LEVEL = "-Onone";
				SWIFT_VERSION = 5.0;
				TARGETED_DEVICE_FAMILY = 2;
			};
			name = Debug;
		};
		AE0335F52883404000C22F7D /* Release */ = {
			isa = XCBuildConfiguration;
			buildSettings = {
				ASSETCATALOG_COMPILER_APPICON_NAME = AppIcon;
				ASSETCATALOG_COMPILER_GLOBAL_ACCENT_COLOR_NAME = AccentColor;
				CLANG_ENABLE_MODULES = YES;
				CODE_SIGN_ENTITLEMENTS = FieldWork/FieldWork.entitlements;
				"CODE_SIGN_IDENTITY[sdk=macosx*]" = "-";
				CODE_SIGN_STYLE = Manual;
				COMBINE_HIDPI_IMAGES = YES;
				CURRENT_PROJECT_VERSION = 1;
				DEAD_CODE_STRIPPING = YES;
				DEVELOPMENT_ASSET_PATHS = "\"FieldWork/Preview Content\"";
				DEVELOPMENT_TEAM = "";
				ENABLE_HARDENED_RUNTIME = YES;
				ENABLE_PREVIEWS = YES;
				GENERATE_INFOPLIST_FILE = YES;
				HEADER_SEARCH_PATHS = $PROJECT_DIR/Marlin;
				INFOPLIST_KEY_NSHumanReadableCopyright = "";
				LD_RUNPATH_SEARCH_PATHS = (
					"$(inherited)",
					"@executable_path/../Frameworks",
				);
				MARKETING_VERSION = 1.0;
				PRODUCT_BUNDLE_IDENTIFIER = com.falsevictories.FieldWork;
				PRODUCT_NAME = "$(TARGET_NAME)";
				PROVISIONING_PROFILE_SPECIFIER = "";
				SUPPORTED_PLATFORMS = "iphoneos iphonesimulator macosx";
				SUPPORTS_MACCATALYST = NO;
				SUPPORTS_MAC_DESIGNED_FOR_IPHONE_IPAD = NO;
				SWIFT_EMIT_LOC_STRINGS = YES;
				SWIFT_OBJC_BRIDGING_HEADER = "FieldWork/Marlin/FieldWork-Bridging-Header.h";
				SWIFT_VERSION = 5.0;
				TARGETED_DEVICE_FAMILY = 2;
			};
			name = Release;
		};
		AE0335F72883404000C22F7D /* Debug */ = {
			isa = XCBuildConfiguration;
			buildSettings = {
				ALWAYS_EMBED_SWIFT_STANDARD_LIBRARIES = YES;
				BUNDLE_LOADER = "$(TEST_HOST)";
				CODE_SIGN_STYLE = Automatic;
				CURRENT_PROJECT_VERSION = 1;
				DEAD_CODE_STRIPPING = YES;
				DEVELOPMENT_TEAM = "";
				GENERATE_INFOPLIST_FILE = YES;
				MACOSX_DEPLOYMENT_TARGET = 12.3;
				MARKETING_VERSION = 1.0;
				PRODUCT_BUNDLE_IDENTIFIER = com.falsevictories.FieldWorkTests;
				PRODUCT_NAME = "$(TARGET_NAME)";
				SWIFT_EMIT_LOC_STRINGS = NO;
				SWIFT_VERSION = 5.0;
				TEST_HOST = "$(BUILT_PRODUCTS_DIR)/FieldWork.app/Contents/MacOS/FieldWork";
			};
			name = Debug;
		};
		AE0335F82883404000C22F7D /* Release */ = {
			isa = XCBuildConfiguration;
			buildSettings = {
				ALWAYS_EMBED_SWIFT_STANDARD_LIBRARIES = YES;
				BUNDLE_LOADER = "$(TEST_HOST)";
				CODE_SIGN_STYLE = Automatic;
				CURRENT_PROJECT_VERSION = 1;
				DEAD_CODE_STRIPPING = YES;
				DEVELOPMENT_TEAM = "";
				GENERATE_INFOPLIST_FILE = YES;
				MACOSX_DEPLOYMENT_TARGET = 12.3;
				MARKETING_VERSION = 1.0;
				PRODUCT_BUNDLE_IDENTIFIER = com.falsevictories.FieldWorkTests;
				PRODUCT_NAME = "$(TARGET_NAME)";
				SWIFT_EMIT_LOC_STRINGS = NO;
				SWIFT_VERSION = 5.0;
				TEST_HOST = "$(BUILT_PRODUCTS_DIR)/FieldWork.app/Contents/MacOS/FieldWork";
			};
			name = Release;
		};
		AE0335FA2883404000C22F7D /* Debug */ = {
			isa = XCBuildConfiguration;
			buildSettings = {
				ALWAYS_EMBED_SWIFT_STANDARD_LIBRARIES = YES;
				CODE_SIGN_STYLE = Automatic;
				CURRENT_PROJECT_VERSION = 1;
				DEAD_CODE_STRIPPING = YES;
				DEVELOPMENT_TEAM = "";
				GENERATE_INFOPLIST_FILE = YES;
				MARKETING_VERSION = 1.0;
				PRODUCT_BUNDLE_IDENTIFIER = com.falsevictories.FieldWorkUITests;
				PRODUCT_NAME = "$(TARGET_NAME)";
				SWIFT_EMIT_LOC_STRINGS = NO;
				SWIFT_VERSION = 5.0;
				TEST_TARGET_NAME = FieldWork;
			};
			name = Debug;
		};
		AE0335FB2883404000C22F7D /* Release */ = {
			isa = XCBuildConfiguration;
			buildSettings = {
				ALWAYS_EMBED_SWIFT_STANDARD_LIBRARIES = YES;
				CODE_SIGN_STYLE = Automatic;
				CURRENT_PROJECT_VERSION = 1;
				DEAD_CODE_STRIPPING = YES;
				DEVELOPMENT_TEAM = "";
				GENERATE_INFOPLIST_FILE = YES;
				MARKETING_VERSION = 1.0;
				PRODUCT_BUNDLE_IDENTIFIER = com.falsevictories.FieldWorkUITests;
				PRODUCT_NAME = "$(TARGET_NAME)";
				SWIFT_EMIT_LOC_STRINGS = NO;
				SWIFT_VERSION = 5.0;
				TEST_TARGET_NAME = FieldWork;
			};
			name = Release;
		};
/* End XCBuildConfiguration section */

/* Begin XCConfigurationList section */
		AE0335C92883403C00C22F7D /* Build configuration list for PBXProject "FieldWork" */ = {
			isa = XCConfigurationList;
			buildConfigurations = (
				AE0335F12883404000C22F7D /* Debug */,
				AE0335F22883404000C22F7D /* Release */,
			);
			defaultConfigurationIsVisible = 0;
			defaultConfigurationName = Release;
		};
		AE0335F32883404000C22F7D /* Build configuration list for PBXNativeTarget "FieldWork" */ = {
			isa = XCConfigurationList;
			buildConfigurations = (
				AE0335F42883404000C22F7D /* Debug */,
				AE0335F52883404000C22F7D /* Release */,
			);
			defaultConfigurationIsVisible = 0;
			defaultConfigurationName = Release;
		};
		AE0335F62883404000C22F7D /* Build configuration list for PBXNativeTarget "FieldWorkTests" */ = {
			isa = XCConfigurationList;
			buildConfigurations = (
				AE0335F72883404000C22F7D /* Debug */,
				AE0335F82883404000C22F7D /* Release */,
			);
			defaultConfigurationIsVisible = 0;
			defaultConfigurationName = Release;
		};
		AE0335F92883404000C22F7D /* Build configuration list for PBXNativeTarget "FieldWorkUITests" */ = {
			isa = XCConfigurationList;
			buildConfigurations = (
				AE0335FA2883404000C22F7D /* Debug */,
				AE0335FB2883404000C22F7D /* Release */,
			);
			defaultConfigurationIsVisible = 0;
			defaultConfigurationName = Release;
		};
/* End XCConfigurationList section */

/* Begin XCRemoteSwiftPackageReference section */
		AECB7CF22A3D09E9003D5E95 /* XCRemoteSwiftPackageReference "swift-dependencies" */ = {
			isa = XCRemoteSwiftPackageReference;
			repositoryURL = "https://github.com/pointfreeco/swift-dependencies";
			requirement = {
				kind = upToNextMajorVersion;
				minimumVersion = 0.5.1;
			};
		};
		AEE1CCF529F5DCD2006B3857 /* XCRemoteSwiftPackageReference "couchbase-lite-swift-ee" */ = {
			isa = XCRemoteSwiftPackageReference;
			repositoryURL = "https://github.com/couchbase/couchbase-lite-swift-ee.git";
			requirement = {
				kind = upToNextMajorVersion;
				minimumVersion = 3.0.0;
			};
		};
/* End XCRemoteSwiftPackageReference section */

/* Begin XCSwiftPackageProductDependency section */
		AECB7CF32A3D09E9003D5E95 /* Dependencies */ = {
			isa = XCSwiftPackageProductDependency;
			package = AECB7CF22A3D09E9003D5E95 /* XCRemoteSwiftPackageReference "swift-dependencies" */;
			productName = Dependencies;
		};
		AEE1CCF629F5DCD2006B3857 /* CouchbaseLiteSwift */ = {
			isa = XCSwiftPackageProductDependency;
			package = AEE1CCF529F5DCD2006B3857 /* XCRemoteSwiftPackageReference "couchbase-lite-swift-ee" */;
			productName = CouchbaseLiteSwift;
		};
/* End XCSwiftPackageProductDependency section */

/* Begin XCVersionGroup section */
		AEDE43C32887EC5800A16F66 /* FieldWorkModel.xcdatamodeld */ = {
			isa = XCVersionGroup;
			children = (
				AEDE43C42887EC5800A16F66 /* FieldWorkModel.xcdatamodel */,
			);
			currentVersion = AEDE43C42887EC5800A16F66 /* FieldWorkModel.xcdatamodel */;
			path = FieldWorkModel.xcdatamodeld;
			sourceTree = "<group>";
			versionGroupType = wrapper.xcdatamodel;
		};
/* End XCVersionGroup section */
	};
	rootObject = AE0335C62883403C00C22F7D /* Project object */;
}
