// !$*UTF8*$!
{
	archiveVersion = 1;
	classes = {
	};
	objectVersion = 55;
	objects = {

/* Begin PBXBuildFile section */
		AE0335D22883403C00C22F7D /* FieldWorkApp.swift in Sources */ = {isa = PBXBuildFile; fileRef = AE0335D12883403C00C22F7D /* FieldWorkApp.swift */; };
		AE0335D42883403C00C22F7D /* ContentView.swift in Sources */ = {isa = PBXBuildFile; fileRef = AE0335D32883403C00C22F7D /* ContentView.swift */; };
		AE0335D62883403F00C22F7D /* Assets.xcassets in Resources */ = {isa = PBXBuildFile; fileRef = AE0335D52883403F00C22F7D /* Assets.xcassets */; };
		AE0335D92883403F00C22F7D /* Preview Assets.xcassets in Resources */ = {isa = PBXBuildFile; fileRef = AE0335D82883403F00C22F7D /* Preview Assets.xcassets */; };
		AE0335E42883404000C22F7D /* FieldWorkTests.swift in Sources */ = {isa = PBXBuildFile; fileRef = AE0335E32883404000C22F7D /* FieldWorkTests.swift */; };
		AE0335EE2883404000C22F7D /* FieldWorkUITests.swift in Sources */ = {isa = PBXBuildFile; fileRef = AE0335ED2883404000C22F7D /* FieldWorkUITests.swift */; };
		AE0335F02883404000C22F7D /* FieldWorkUITestsLaunchTests.swift in Sources */ = {isa = PBXBuildFile; fileRef = AE0335EF2883404000C22F7D /* FieldWorkUITestsLaunchTests.swift */; };
/* End PBXBuildFile section */

/* Begin PBXContainerItemProxy section */
		AE0335E02883404000C22F7D /* PBXContainerItemProxy */ = {
			isa = PBXContainerItemProxy;
			containerPortal = AE0335C62883403C00C22F7D /* Project object */;
			proxyType = 1;
			remoteGlobalIDString = AE0335CD2883403C00C22F7D;
			remoteInfo = FieldWork;
		};
		AE0335EA2883404000C22F7D /* PBXContainerItemProxy */ = {
			isa = PBXContainerItemProxy;
			containerPortal = AE0335C62883403C00C22F7D /* Project object */;
			proxyType = 1;
			remoteGlobalIDString = AE0335CD2883403C00C22F7D;
			remoteInfo = FieldWork;
		};
/* End PBXContainerItemProxy section */

/* Begin PBXFileReference section */
		AE0335CE2883403C00C22F7D /* FieldWork.app */ = {isa = PBXFileReference; explicitFileType = wrapper.application; includeInIndex = 0; path = FieldWork.app; sourceTree = BUILT_PRODUCTS_DIR; };
		AE0335D12883403C00C22F7D /* FieldWorkApp.swift */ = {isa = PBXFileReference; lastKnownFileType = sourcecode.swift; path = FieldWorkApp.swift; sourceTree = "<group>"; };
		AE0335D32883403C00C22F7D /* ContentView.swift */ = {isa = PBXFileReference; lastKnownFileType = sourcecode.swift; path = ContentView.swift; sourceTree = "<group>"; };
		AE0335D52883403F00C22F7D /* Assets.xcassets */ = {isa = PBXFileReference; lastKnownFileType = folder.assetcatalog; path = Assets.xcassets; sourceTree = "<group>"; };
		AE0335D82883403F00C22F7D /* Preview Assets.xcassets */ = {isa = PBXFileReference; lastKnownFileType = folder.assetcatalog; path = "Preview Assets.xcassets"; sourceTree = "<group>"; };
		AE0335DA2883403F00C22F7D /* FieldWork.entitlements */ = {isa = PBXFileReference; lastKnownFileType = text.plist.entitlements; path = FieldWork.entitlements; sourceTree = "<group>"; };
		AE0335DF2883404000C22F7D /* FieldWorkTests.xctest */ = {isa = PBXFileReference; explicitFileType = wrapper.cfbundle; includeInIndex = 0; path = FieldWorkTests.xctest; sourceTree = BUILT_PRODUCTS_DIR; };
		AE0335E32883404000C22F7D /* FieldWorkTests.swift */ = {isa = PBXFileReference; lastKnownFileType = sourcecode.swift; path = FieldWorkTests.swift; sourceTree = "<group>"; };
		AE0335E92883404000C22F7D /* FieldWorkUITests.xctest */ = {isa = PBXFileReference; explicitFileType = wrapper.cfbundle; includeInIndex = 0; path = FieldWorkUITests.xctest; sourceTree = BUILT_PRODUCTS_DIR; };
		AE0335ED2883404000C22F7D /* FieldWorkUITests.swift */ = {isa = PBXFileReference; lastKnownFileType = sourcecode.swift; path = FieldWorkUITests.swift; sourceTree = "<group>"; };
		AE0335EF2883404000C22F7D /* FieldWorkUITestsLaunchTests.swift */ = {isa = PBXFileReference; lastKnownFileType = sourcecode.swift; path = FieldWorkUITestsLaunchTests.swift; sourceTree = "<group>"; };
/* End PBXFileReference section */

/* Begin PBXFrameworksBuildPhase section */
		AE0335CB2883403C00C22F7D /* Frameworks */ = {
			isa = PBXFrameworksBuildPhase;
			buildActionMask = 2147483647;
			files = (
			);
			runOnlyForDeploymentPostprocessing = 0;
		};
		AE0335DC2883404000C22F7D /* Frameworks */ = {
			isa = PBXFrameworksBuildPhase;
			buildActionMask = 2147483647;
			files = (
			);
			runOnlyForDeploymentPostprocessing = 0;
		};
		AE0335E62883404000C22F7D /* Frameworks */ = {
			isa = PBXFrameworksBuildPhase;
			buildActionMask = 2147483647;
			files = (
			);
			runOnlyForDeploymentPostprocessing = 0;
		};
/* End PBXFrameworksBuildPhase section */

/* Begin PBXGroup section */
		AE0335C52883403C00C22F7D = {
			isa = PBXGroup;
			children = (
				AE0335D02883403C00C22F7D /* FieldWork */,
				AE0335E22883404000C22F7D /* FieldWorkTests */,
				AE0335EC2883404000C22F7D /* FieldWorkUITests */,
				AE0335CF2883403C00C22F7D /* Products */,
			);
			sourceTree = "<group>";
		};
		AE0335CF2883403C00C22F7D /* Products */ = {
			isa = PBXGroup;
			children = (
				AE0335CE2883403C00C22F7D /* FieldWork.app */,
				AE0335DF2883404000C22F7D /* FieldWorkTests.xctest */,
				AE0335E92883404000C22F7D /* FieldWorkUITests.xctest */,
			);
			name = Products;
			sourceTree = "<group>";
		};
		AE0335D02883403C00C22F7D /* FieldWork */ = {
			isa = PBXGroup;
			children = (
				AE0335D12883403C00C22F7D /* FieldWorkApp.swift */,
				AE0335D32883403C00C22F7D /* ContentView.swift */,
				AE0335D52883403F00C22F7D /* Assets.xcassets */,
				AE0335DA2883403F00C22F7D /* FieldWork.entitlements */,
				AE0335D72883403F00C22F7D /* Preview Content */,
			);
			path = FieldWork;
			sourceTree = "<group>";
		};
		AE0335D72883403F00C22F7D /* Preview Content */ = {
			isa = PBXGroup;
			children = (
				AE0335D82883403F00C22F7D /* Preview Assets.xcassets */,
			);
			path = "Preview Content";
			sourceTree = "<group>";
		};
		AE0335E22883404000C22F7D /* FieldWorkTests */ = {
			isa = PBXGroup;
			children = (
				AE0335E32883404000C22F7D /* FieldWorkTests.swift */,
			);
			path = FieldWorkTests;
			sourceTree = "<group>";
		};
		AE0335EC2883404000C22F7D /* FieldWorkUITests */ = {
			isa = PBXGroup;
			children = (
				AE0335ED2883404000C22F7D /* FieldWorkUITests.swift */,
				AE0335EF2883404000C22F7D /* FieldWorkUITestsLaunchTests.swift */,
			);
			path = FieldWorkUITests;
			sourceTree = "<group>";
		};
/* End PBXGroup section */

/* Begin PBXNativeTarget section */
		AE0335CD2883403C00C22F7D /* FieldWork */ = {
			isa = PBXNativeTarget;
			buildConfigurationList = AE0335F32883404000C22F7D /* Build configuration list for PBXNativeTarget "FieldWork" */;
			buildPhases = (
				AE0335CA2883403C00C22F7D /* Sources */,
				AE0335CB2883403C00C22F7D /* Frameworks */,
				AE0335CC2883403C00C22F7D /* Resources */,
			);
			buildRules = (
			);
			dependencies = (
			);
			name = FieldWork;
			productName = FieldWork;
			productReference = AE0335CE2883403C00C22F7D /* FieldWork.app */;
			productType = "com.apple.product-type.application";
		};
		AE0335DE2883404000C22F7D /* FieldWorkTests */ = {
			isa = PBXNativeTarget;
			buildConfigurationList = AE0335F62883404000C22F7D /* Build configuration list for PBXNativeTarget "FieldWorkTests" */;
			buildPhases = (
				AE0335DB2883404000C22F7D /* Sources */,
				AE0335DC2883404000C22F7D /* Frameworks */,
				AE0335DD2883404000C22F7D /* Resources */,
			);
			buildRules = (
			);
			dependencies = (
				AE0335E12883404000C22F7D /* PBXTargetDependency */,
			);
			name = FieldWorkTests;
			productName = FieldWorkTests;
			productReference = AE0335DF2883404000C22F7D /* FieldWorkTests.xctest */;
			productType = "com.apple.product-type.bundle.unit-test";
		};
		AE0335E82883404000C22F7D /* FieldWorkUITests */ = {
			isa = PBXNativeTarget;
			buildConfigurationList = AE0335F92883404000C22F7D /* Build configuration list for PBXNativeTarget "FieldWorkUITests" */;
			buildPhases = (
				AE0335E52883404000C22F7D /* Sources */,
				AE0335E62883404000C22F7D /* Frameworks */,
				AE0335E72883404000C22F7D /* Resources */,
			);
			buildRules = (
			);
			dependencies = (
				AE0335EB2883404000C22F7D /* PBXTargetDependency */,
			);
			name = FieldWorkUITests;
			productName = FieldWorkUITests;
			productReference = AE0335E92883404000C22F7D /* FieldWorkUITests.xctest */;
			productType = "com.apple.product-type.bundle.ui-testing";
		};
/* End PBXNativeTarget section */

/* Begin PBXProject section */
		AE0335C62883403C00C22F7D /* Project object */ = {
			isa = PBXProject;
			attributes = {
				BuildIndependentTargetsInParallel = 1;
				LastSwiftUpdateCheck = 1340;
				LastUpgradeCheck = 1340;
				TargetAttributes = {
					AE0335CD2883403C00C22F7D = {
						CreatedOnToolsVersion = 13.4.1;
					};
					AE0335DE2883404000C22F7D = {
						CreatedOnToolsVersion = 13.4.1;
						TestTargetID = AE0335CD2883403C00C22F7D;
					};
					AE0335E82883404000C22F7D = {
						CreatedOnToolsVersion = 13.4.1;
						TestTargetID = AE0335CD2883403C00C22F7D;
					};
				};
			};
			buildConfigurationList = AE0335C92883403C00C22F7D /* Build configuration list for PBXProject "FieldWork" */;
			compatibilityVersion = "Xcode 13.0";
			developmentRegion = en;
			hasScannedForEncodings = 0;
			knownRegions = (
				en,
				Base,
			);
			mainGroup = AE0335C52883403C00C22F7D;
			productRefGroup = AE0335CF2883403C00C22F7D /* Products */;
			projectDirPath = "";
			projectRoot = "";
			targets = (
				AE0335CD2883403C00C22F7D /* FieldWork */,
				AE0335DE2883404000C22F7D /* FieldWorkTests */,
				AE0335E82883404000C22F7D /* FieldWorkUITests */,
			);
		};
/* End PBXProject section */

/* Begin PBXResourcesBuildPhase section */
		AE0335CC2883403C00C22F7D /* Resources */ = {
			isa = PBXResourcesBuildPhase;
			buildActionMask = 2147483647;
			files = (
				AE0335D92883403F00C22F7D /* Preview Assets.xcassets in Resources */,
				AE0335D62883403F00C22F7D /* Assets.xcassets in Resources */,
			);
			runOnlyForDeploymentPostprocessing = 0;
		};
		AE0335DD2883404000C22F7D /* Resources */ = {
			isa = PBXResourcesBuildPhase;
			buildActionMask = 2147483647;
			files = (
			);
			runOnlyForDeploymentPostprocessing = 0;
		};
		AE0335E72883404000C22F7D /* Resources */ = {
			isa = PBXResourcesBuildPhase;
			buildActionMask = 2147483647;
			files = (
			);
			runOnlyForDeploymentPostprocessing = 0;
		};
/* End PBXResourcesBuildPhase section */

/* Begin PBXSourcesBuildPhase section */
		AE0335CA2883403C00C22F7D /* Sources */ = {
			isa = PBXSourcesBuildPhase;
			buildActionMask = 2147483647;
			files = (
				AE0335D42883403C00C22F7D /* ContentView.swift in Sources */,
				AE0335D22883403C00C22F7D /* FieldWorkApp.swift in Sources */,
			);
			runOnlyForDeploymentPostprocessing = 0;
		};
		AE0335DB2883404000C22F7D /* Sources */ = {
			isa = PBXSourcesBuildPhase;
			buildActionMask = 2147483647;
			files = (
				AE0335E42883404000C22F7D /* FieldWorkTests.swift in Sources */,
			);
			runOnlyForDeploymentPostprocessing = 0;
		};
		AE0335E52883404000C22F7D /* Sources */ = {
			isa = PBXSourcesBuildPhase;
			buildActionMask = 2147483647;
			files = (
				AE0335F02883404000C22F7D /* FieldWorkUITestsLaunchTests.swift in Sources */,
				AE0335EE2883404000C22F7D /* FieldWorkUITests.swift in Sources */,
			);
			runOnlyForDeploymentPostprocessing = 0;
		};
/* End PBXSourcesBuildPhase section */

/* Begin PBXTargetDependency section */
		AE0335E12883404000C22F7D /* PBXTargetDependency */ = {
			isa = PBXTargetDependency;
			target = AE0335CD2883403C00C22F7D /* FieldWork */;
			targetProxy = AE0335E02883404000C22F7D /* PBXContainerItemProxy */;
		};
		AE0335EB2883404000C22F7D /* PBXTargetDependency */ = {
			isa = PBXTargetDependency;
			target = AE0335CD2883403C00C22F7D /* FieldWork */;
			targetProxy = AE0335EA2883404000C22F7D /* PBXContainerItemProxy */;
		};
/* End PBXTargetDependency section */

/* Begin XCBuildConfiguration section */
		AE0335F12883404000C22F7D /* Debug */ = {
			isa = XCBuildConfiguration;
			buildSettings = {
				ALWAYS_SEARCH_USER_PATHS = NO;
				CLANG_ANALYZER_NONNULL = YES;
				CLANG_ANALYZER_NUMBER_OBJECT_CONVERSION = YES_AGGRESSIVE;
				CLANG_CXX_LANGUAGE_STANDARD = "gnu++17";
				CLANG_ENABLE_MODULES = YES;
				CLANG_ENABLE_OBJC_ARC = YES;
				CLANG_ENABLE_OBJC_WEAK = YES;
				CLANG_WARN_BLOCK_CAPTURE_AUTORELEASING = YES;
				CLANG_WARN_BOOL_CONVERSION = YES;
				CLANG_WARN_COMMA = YES;
				CLANG_WARN_CONSTANT_CONVERSION = YES;
				CLANG_WARN_DEPRECATED_OBJC_IMPLEMENTATIONS = YES;
				CLANG_WARN_DIRECT_OBJC_ISA_USAGE = YES_ERROR;
				CLANG_WARN_DOCUMENTATION_COMMENTS = YES;
				CLANG_WARN_EMPTY_BODY = YES;
				CLANG_WARN_ENUM_CONVERSION = YES;
				CLANG_WARN_INFINITE_RECURSION = YES;
				CLANG_WARN_INT_CONVERSION = YES;
				CLANG_WARN_NON_LITERAL_NULL_CONVERSION = YES;
				CLANG_WARN_OBJC_IMPLICIT_RETAIN_SELF = YES;
				CLANG_WARN_OBJC_LITERAL_CONVERSION = YES;
				CLANG_WARN_OBJC_ROOT_CLASS = YES_ERROR;
				CLANG_WARN_QUOTED_INCLUDE_IN_FRAMEWORK_HEADER = YES;
				CLANG_WARN_RANGE_LOOP_ANALYSIS = YES;
				CLANG_WARN_STRICT_PROTOTYPES = YES;
				CLANG_WARN_SUSPICIOUS_MOVE = YES;
				CLANG_WARN_UNGUARDED_AVAILABILITY = YES_AGGRESSIVE;
				CLANG_WARN_UNREACHABLE_CODE = YES;
				CLANG_WARN__DUPLICATE_METHOD_MATCH = YES;
				COPY_PHASE_STRIP = NO;
				DEBUG_INFORMATION_FORMAT = dwarf;
				ENABLE_STRICT_OBJC_MSGSEND = YES;
				ENABLE_TESTABILITY = YES;
				GCC_C_LANGUAGE_STANDARD = gnu11;
				GCC_DYNAMIC_NO_PIC = NO;
				GCC_NO_COMMON_BLOCKS = YES;
				GCC_OPTIMIZATION_LEVEL = 0;
				GCC_PREPROCESSOR_DEFINITIONS = (
					"DEBUG=1",
					"$(inherited)",
				);
				GCC_WARN_64_TO_32_BIT_CONVERSION = YES;
				GCC_WARN_ABOUT_RETURN_TYPE = YES_ERROR;
				GCC_WARN_UNDECLARED_SELECTOR = YES;
				GCC_WARN_UNINITIALIZED_AUTOS = YES_AGGRESSIVE;
				GCC_WARN_UNUSED_FUNCTION = YES;
				GCC_WARN_UNUSED_VARIABLE = YES;
				MACOSX_DEPLOYMENT_TARGET = 12.3;
				MTL_ENABLE_DEBUG_INFO = INCLUDE_SOURCE;
				MTL_FAST_MATH = YES;
				ONLY_ACTIVE_ARCH = YES;
				SDKROOT = macosx;
				SWIFT_ACTIVE_COMPILATION_CONDITIONS = DEBUG;
				SWIFT_OPTIMIZATION_LEVEL = "-Onone";
			};
			name = Debug;
		};
		AE0335F22883404000C22F7D /* Release */ = {
			isa = XCBuildConfiguration;
			buildSettings = {
				ALWAYS_SEARCH_USER_PATHS = NO;
				CLANG_ANALYZER_NONNULL = YES;
				CLANG_ANALYZER_NUMBER_OBJECT_CONVERSION = YES_AGGRESSIVE;
				CLANG_CXX_LANGUAGE_STANDARD = "gnu++17";
				CLANG_ENABLE_MODULES = YES;
				CLANG_ENABLE_OBJC_ARC = YES;
				CLANG_ENABLE_OBJC_WEAK = YES;
				CLANG_WARN_BLOCK_CAPTURE_AUTORELEASING = YES;
				CLANG_WARN_BOOL_CONVERSION = YES;
				CLANG_WARN_COMMA = YES;
				CLANG_WARN_CONSTANT_CONVERSION = YES;
				CLANG_WARN_DEPRECATED_OBJC_IMPLEMENTATIONS = YES;
				CLANG_WARN_DIRECT_OBJC_ISA_USAGE = YES_ERROR;
				CLANG_WARN_DOCUMENTATION_COMMENTS = YES;
				CLANG_WARN_EMPTY_BODY = YES;
				CLANG_WARN_ENUM_CONVERSION = YES;
				CLANG_WARN_INFINITE_RECURSION = YES;
				CLANG_WARN_INT_CONVERSION = YES;
				CLANG_WARN_NON_LITERAL_NULL_CONVERSION = YES;
				CLANG_WARN_OBJC_IMPLICIT_RETAIN_SELF = YES;
				CLANG_WARN_OBJC_LITERAL_CONVERSION = YES;
				CLANG_WARN_OBJC_ROOT_CLASS = YES_ERROR;
				CLANG_WARN_QUOTED_INCLUDE_IN_FRAMEWORK_HEADER = YES;
				CLANG_WARN_RANGE_LOOP_ANALYSIS = YES;
				CLANG_WARN_STRICT_PROTOTYPES = YES;
				CLANG_WARN_SUSPICIOUS_MOVE = YES;
				CLANG_WARN_UNGUARDED_AVAILABILITY = YES_AGGRESSIVE;
				CLANG_WARN_UNREACHABLE_CODE = YES;
				CLANG_WARN__DUPLICATE_METHOD_MATCH = YES;
				COPY_PHASE_STRIP = NO;
				DEBUG_INFORMATION_FORMAT = "dwarf-with-dsym";
				ENABLE_NS_ASSERTIONS = NO;
				ENABLE_STRICT_OBJC_MSGSEND = YES;
				GCC_C_LANGUAGE_STANDARD = gnu11;
				GCC_NO_COMMON_BLOCKS = YES;
				GCC_WARN_64_TO_32_BIT_CONVERSION = YES;
				GCC_WARN_ABOUT_RETURN_TYPE = YES_ERROR;
				GCC_WARN_UNDECLARED_SELECTOR = YES;
				GCC_WARN_UNINITIALIZED_AUTOS = YES_AGGRESSIVE;
				GCC_WARN_UNUSED_FUNCTION = YES;
				GCC_WARN_UNUSED_VARIABLE = YES;
				MACOSX_DEPLOYMENT_TARGET = 12.3;
				MTL_ENABLE_DEBUG_INFO = NO;
				MTL_FAST_MATH = YES;
				SDKROOT = macosx;
				SWIFT_COMPILATION_MODE = wholemodule;
				SWIFT_OPTIMIZATION_LEVEL = "-O";
			};
			name = Release;
		};
		AE0335F42883404000C22F7D /* Debug */ = {
			isa = XCBuildConfiguration;
			buildSettings = {
				ASSETCATALOG_COMPILER_APPICON_NAME = AppIcon;
				ASSETCATALOG_COMPILER_GLOBAL_ACCENT_COLOR_NAME = AccentColor;
				CODE_SIGN_ENTITLEMENTS = FieldWork/FieldWork.entitlements;
				CODE_SIGN_STYLE = Automatic;
				COMBINE_HIDPI_IMAGES = YES;
				CURRENT_PROJECT_VERSION = 1;
				DEVELOPMENT_ASSET_PATHS = "\"FieldWork/Preview Content\"";
				DEVELOPMENT_TEAM = X7666LWADW;
				ENABLE_HARDENED_RUNTIME = YES;
				ENABLE_PREVIEWS = YES;
				GENERATE_INFOPLIST_FILE = YES;
				INFOPLIST_KEY_NSHumanReadableCopyright = "";
				LD_RUNPATH_SEARCH_PATHS = (
					"$(inherited)",
					"@executable_path/../Frameworks",
				);
				MARKETING_VERSION = 1.0;
				PRODUCT_BUNDLE_IDENTIFIER = com.falsevictories.FieldWork;
				PRODUCT_NAME = "$(TARGET_NAME)";
				SWIFT_EMIT_LOC_STRINGS = YES;
				SWIFT_VERSION = 5.0;
			};
			name = Debug;
		};
		AE0335F52883404000C22F7D /* Release */ = {
			isa = XCBuildConfiguration;
			buildSettings = {
				ASSETCATALOG_COMPILER_APPICON_NAME = AppIcon;
				ASSETCATALOG_COMPILER_GLOBAL_ACCENT_COLOR_NAME = AccentColor;
				CODE_SIGN_ENTITLEMENTS = FieldWork/FieldWork.entitlements;
				CODE_SIGN_STYLE = Automatic;
				COMBINE_HIDPI_IMAGES = YES;
				CURRENT_PROJECT_VERSION = 1;
				DEVELOPMENT_ASSET_PATHS = "\"FieldWork/Preview Content\"";
				DEVELOPMENT_TEAM = X7666LWADW;
				ENABLE_HARDENED_RUNTIME = YES;
				ENABLE_PREVIEWS = YES;
				GENERATE_INFOPLIST_FILE = YES;
				INFOPLIST_KEY_NSHumanReadableCopyright = "";
				LD_RUNPATH_SEARCH_PATHS = (
					"$(inherited)",
					"@executable_path/../Frameworks",
				);
				MARKETING_VERSION = 1.0;
				PRODUCT_BUNDLE_IDENTIFIER = com.falsevictories.FieldWork;
				PRODUCT_NAME = "$(TARGET_NAME)";
				SWIFT_EMIT_LOC_STRINGS = YES;
				SWIFT_VERSION = 5.0;
			};
			name = Release;
		};
		AE0335F72883404000C22F7D /* Debug */ = {
			isa = XCBuildConfiguration;
			buildSettings = {
				ALWAYS_EMBED_SWIFT_STANDARD_LIBRARIES = YES;
				BUNDLE_LOADER = "$(TEST_HOST)";
				CODE_SIGN_STYLE = Automatic;
				CURRENT_PROJECT_VERSION = 1;
				DEVELOPMENT_TEAM = X7666LWADW;
				GENERATE_INFOPLIST_FILE = YES;
				MACOSX_DEPLOYMENT_TARGET = 12.3;
				MARKETING_VERSION = 1.0;
				PRODUCT_BUNDLE_IDENTIFIER = com.falsevictories.FieldWorkTests;
				PRODUCT_NAME = "$(TARGET_NAME)";
				SWIFT_EMIT_LOC_STRINGS = NO;
				SWIFT_VERSION = 5.0;
				TEST_HOST = "$(BUILT_PRODUCTS_DIR)/FieldWork.app/Contents/MacOS/FieldWork";
			};
			name = Debug;
		};
		AE0335F82883404000C22F7D /* Release */ = {
			isa = XCBuildConfiguration;
			buildSettings = {
				ALWAYS_EMBED_SWIFT_STANDARD_LIBRARIES = YES;
				BUNDLE_LOADER = "$(TEST_HOST)";
				CODE_SIGN_STYLE = Automatic;
				CURRENT_PROJECT_VERSION = 1;
				DEVELOPMENT_TEAM = X7666LWADW;
				GENERATE_INFOPLIST_FILE = YES;
				MACOSX_DEPLOYMENT_TARGET = 12.3;
				MARKETING_VERSION = 1.0;
				PRODUCT_BUNDLE_IDENTIFIER = com.falsevictories.FieldWorkTests;
				PRODUCT_NAME = "$(TARGET_NAME)";
				SWIFT_EMIT_LOC_STRINGS = NO;
				SWIFT_VERSION = 5.0;
				TEST_HOST = "$(BUILT_PRODUCTS_DIR)/FieldWork.app/Contents/MacOS/FieldWork";
			};
			name = Release;
		};
		AE0335FA2883404000C22F7D /* Debug */ = {
			isa = XCBuildConfiguration;
			buildSettings = {
				ALWAYS_EMBED_SWIFT_STANDARD_LIBRARIES = YES;
				CODE_SIGN_STYLE = Automatic;
				CURRENT_PROJECT_VERSION = 1;
				DEVELOPMENT_TEAM = X7666LWADW;
				GENERATE_INFOPLIST_FILE = YES;
				MARKETING_VERSION = 1.0;
				PRODUCT_BUNDLE_IDENTIFIER = com.falsevictories.FieldWorkUITests;
				PRODUCT_NAME = "$(TARGET_NAME)";
				SWIFT_EMIT_LOC_STRINGS = NO;
				SWIFT_VERSION = 5.0;
				TEST_TARGET_NAME = FieldWork;
			};
			name = Debug;
		};
		AE0335FB2883404000C22F7D /* Release */ = {
			isa = XCBuildConfiguration;
			buildSettings = {
				ALWAYS_EMBED_SWIFT_STANDARD_LIBRARIES = YES;
				CODE_SIGN_STYLE = Automatic;
				CURRENT_PROJECT_VERSION = 1;
				DEVELOPMENT_TEAM = X7666LWADW;
				GENERATE_INFOPLIST_FILE = YES;
				MARKETING_VERSION = 1.0;
				PRODUCT_BUNDLE_IDENTIFIER = com.falsevictories.FieldWorkUITests;
				PRODUCT_NAME = "$(TARGET_NAME)";
				SWIFT_EMIT_LOC_STRINGS = NO;
				SWIFT_VERSION = 5.0;
				TEST_TARGET_NAME = FieldWork;
			};
			name = Release;
		};
/* End XCBuildConfiguration section */

/* Begin XCConfigurationList section */
		AE0335C92883403C00C22F7D /* Build configuration list for PBXProject "FieldWork" */ = {
			isa = XCConfigurationList;
			buildConfigurations = (
				AE0335F12883404000C22F7D /* Debug */,
				AE0335F22883404000C22F7D /* Release */,
			);
			defaultConfigurationIsVisible = 0;
			defaultConfigurationName = Release;
		};
		AE0335F32883404000C22F7D /* Build configuration list for PBXNativeTarget "FieldWork" */ = {
			isa = XCConfigurationList;
			buildConfigurations = (
				AE0335F42883404000C22F7D /* Debug */,
				AE0335F52883404000C22F7D /* Release */,
			);
			defaultConfigurationIsVisible = 0;
			defaultConfigurationName = Release;
		};
		AE0335F62883404000C22F7D /* Build configuration list for PBXNativeTarget "FieldWorkTests" */ = {
			isa = XCConfigurationList;
			buildConfigurations = (
				AE0335F72883404000C22F7D /* Debug */,
				AE0335F82883404000C22F7D /* Release */,
			);
			defaultConfigurationIsVisible = 0;
			defaultConfigurationName = Release;
		};
		AE0335F92883404000C22F7D /* Build configuration list for PBXNativeTarget "FieldWorkUITests" */ = {
			isa = XCConfigurationList;
			buildConfigurations = (
				AE0335FA2883404000C22F7D /* Debug */,
				AE0335FB2883404000C22F7D /* Release */,
			);
			defaultConfigurationIsVisible = 0;
			defaultConfigurationName = Release;
		};
/* End XCConfigurationList section */
	};
	rootObject = AE0335C62883403C00C22F7D /* Project object */;
}
